{
  "ImageFilterPipeline": {
    "filter_list": [
      {
        "name": "CutByCoordinatesFilter",
        "kwargs": {
          "x1": 0.2496617979914546,
          "y1": 0.23391439985340834,
          "x2": 0.7990593962758183,
          "y2": 0.7833119981377721
        }
      }
    ],
    "apply_ext_default": true
  }
}