{
  "ImageFilterPipeline": {
    "filter_list": [
      {
        "name": "CutByCoordinatesFilter",
        "kwargs": {
          "x1": 0.22220345692873,
          "y1": 0.23157998280763625,
          "x2": 0.7757477526164055,
          "y2": 0.7851242784953117
        }
      }
    ],
    "apply_ext_default": true
  }
}