{
  "ImageFilterPipeline": {
    "filter_list": [
      {
        "name": "CutByCoordinatesFilter",
        "kwargs": {
          "x1": 0.202794754281044,
          "y1": 0.22737213350772856,
          "x2": 0.7589605810499191,
          "y2": 0.7835379602766037
        }
      }
    ],
    "apply_ext_default": true
  }
}