{
  "ImageFilterPipeline": {
    "filter_list": [
      {
        "name": "CutByCoordinatesFilter",
        "kwargs": {
          "x1": 0.22124358252739906,
          "y1": 0.2292090578482151,
          "x2": 0.7717359439923763,
          "y2": 0.7797014193131924
        }
      }
    ],
    "apply_ext_default": true
  }
}