{
  "ImageFilterPipeline": {
    "filter_list": [
      {
        "name": "CutByCoordinatesFilter",
        "kwargs": {
          "x1": 0.21052128799343106,
          "y1": 0.22597847111606595,
          "x2": 0.7514212059221268,
          "y2": 0.7668783890447617
        }
      }
    ],
    "apply_ext_default": true
  }
}