{
  "ImageFilterPipeline": {
    "filter_list": [
      {
        "name": "CutByCoordinatesFilter",
        "kwargs": {
          "x1": 0.1964864466974735,
          "y1": 0.2729673717806339,
          "x2": 0.743317094009161,
          "y2": 0.8197980190923214
        }
      }
    ],
    "apply_ext_default": true
  }
}