{
  "ImageFilterPipeline": {
    "filter_list": [
      {
        "name": "CutByCoordinatesFilter",
        "kwargs": {
          "x1": 0.23179948297142983,
          "y1": 0.19471108880639076,
          "x2": 0.7878633144795895,
          "y2": 0.7507749203145504
        }
      }
    ],
    "apply_ext_default": true
  }
}