{
  "ImageFilterPipeline": {
    "filter_list": [
      {
        "name": "CutByCoordinatesFilter",
        "kwargs": {
          "x1": 0.23305981666910647,
          "y1": 0.22838365347254275,
          "x2": 0.7709530660403967,
          "y2": 0.766276902843833
        }
      }
    ],
    "apply_ext_default": true
  }
}