{
  "ImageFilterPipeline": {
    "filter_list": [
      {
        "name": "CutByCoordinatesFilter",
        "kwargs": {
          "x1": 0.24373065965974333,
          "y1": 0.26057585614526274,
          "x2": 0.7942236111799479,
          "y2": 0.8110688076654673
        }
      }
    ],
    "apply_ext_default": true
  }
}