{
  "ImageFilterPipeline": {
    "filter_list": [
      {
        "name": "CutByCoordinatesFilter",
        "kwargs": {
          "x1": 0.22770365105891227,
          "y1": 0.1574758492591381,
          "x2": 0.7808607019302845,
          "y2": 0.7106329001305103
        }
      }
    ],
    "apply_ext_default": true
  }
}