{
  "ImageFilterPipeline": {
    "filter_list": [
      {
        "name": "CutByCoordinatesFilter",
        "kwargs": {
          "x1": 0.22402873938834666,
          "y1": 0.24086457794463634,
          "x2": 0.7774608402892351,
          "y2": 0.7942966788455248
        }
      }
    ],
    "apply_ext_default": true
  }
}