{
  "ImageFilterPipeline": {
    "filter_list": [
      {
        "name": "CutByCoordinatesFilter",
        "kwargs": {
          "x1": 0.24370786597013472,
          "y1": 0.24272051502943037,
          "x2": 0.7984963352513313,
          "y2": 0.797508984310627
        }
      }
    ],
    "apply_ext_default": true
  }
}