{
  "ImageFilterPipeline": {
    "filter_list": [
      {
        "name": "CutByCoordinatesFilter",
        "kwargs": {
          "x1": 0.22432869521832466,
          "y1": 0.23350247589802742,
          "x2": 0.7691733852221966,
          "y2": 0.7783471659018993
        }
      }
    ],
    "apply_ext_default": true
  }
}