{
  "ImageFilterPipeline": {
    "filter_list": [
      {
        "name": "CutByCoordinatesFilter",
        "kwargs": {
          "x1": 0.23116113835322855,
          "y1": 0.17954020791995523,
          "x2": 0.7825304061795473,
          "y2": 0.730909475746274
        }
      }
    ],
    "apply_ext_default": true
  }
}