{
  "ImageFilterPipeline": {
    "filter_list": [
      {
        "name": "CutByCoordinatesFilter",
        "kwargs": {
          "x1": 0.22896569447088239,
          "y1": 0.23435818628835675,
          "x2": 0.7825228027863502,
          "y2": 0.7879152946038246
        }
      }
    ],
    "apply_ext_default": true
  }
}