{
  "ImageFilterPipeline": {
    "filter_list": [
      {
        "name": "CutByCoordinatesFilter",
        "kwargs": {
          "x1": 0.22134132941824197,
          "y1": 0.24027033408743143,
          "x2": 0.7745683018340468,
          "y2": 0.7934973065032362
        }
      }
    ],
    "apply_ext_default": true
  }
}