{
  "ImageFilterPipeline": {
    "filter_list": [
      {
        "name": "CutByCoordinatesFilter",
        "kwargs": {
          "x1": 0.26165984623581173,
          "y1": 0.17284737579971554,
          "x2": 0.8036666656240821,
          "y2": 0.7148541951879859
        }
      }
    ],
    "apply_ext_default": true
  }
}