{
  "ImageFilterPipeline": {
    "filter_list": [
      {
        "name": "CutByCoordinatesFilter",
        "kwargs": {
          "x1": 0.22397692498791216,
          "y1": 0.18725697693455218,
          "x2": 0.7599263638533353,
          "y2": 0.7232064157999754
        }
      }
    ],
    "apply_ext_default": true
  }
}