{
  "ImageFilterPipeline": {
    "filter_list": [
      {
        "name": "CutByCoordinatesFilter",
        "kwargs": {
          "x1": 0.22494088833189008,
          "y1": 0.1844495457873344,
          "x2": 0.7801663356556893,
          "y2": 0.7396749931111336
        }
      }
    ],
    "apply_ext_default": true
  }
}