{
  "ImageFilterPipeline": {
    "filter_list": [
      {
        "name": "CutByCoordinatesFilter",
        "kwargs": {
          "x1": 0.1741227921303511,
          "y1": 0.18679053748214247,
          "x2": 0.7152709547225237,
          "y2": 0.727938700074315
        }
      }
    ],
    "apply_ext_default": true
  }
}