{
  "ImageFilterPipeline": {
    "filter_list": [
      {
        "name": "CutByCoordinatesFilter",
        "kwargs": {
          "x1": 0.23826764951813223,
          "y1": 0.1490895641909838,
          "x2": 0.7743823038471938,
          "y2": 0.6852042185200453
        }
      }
    ],
    "apply_ext_default": true
  }
}