{
  "ImageFilterPipeline": {
    "filter_list": [
      {
        "name": "CutByCoordinatesFilter",
        "kwargs": {
          "x1": 0.1793243213843107,
          "y1": 0.16979321085917948,
          "x2": 0.7224193290520906,
          "y2": 0.7128882185269594
        }
      }
    ],
    "apply_ext_default": true
  }
}