{
  "ImageFilterPipeline": {
    "filter_list": [
      {
        "name": "CutByCoordinatesFilter",
        "kwargs": {
          "x1": 0.27824774195444585,
          "y1": 0.21332958151590825,
          "x2": 0.8159063179324866,
          "y2": 0.750988157493949
        }
      }
    ],
    "apply_ext_default": true
  }
}