{
  "ImageFilterPipeline": {
    "filter_list": [
      {
        "name": "CutByCoordinatesFilter",
        "kwargs": {
          "x1": 0.20319594019544124,
          "y1": 0.17620189064633845,
          "x2": 0.7272874606262445,
          "y2": 0.7002934110771417
        }
      }
    ],
    "apply_ext_default": true
  }
}