{
  "ImageFilterPipeline": {
    "filter_list": [
      {
        "name": "CutByCoordinatesFilter",
        "kwargs": {
          "x1": 0.17598817369925973,
          "y1": 0.17902830860602853,
          "x2": 0.7156878350020648,
          "y2": 0.7187279699088336
        }
      }
    ],
    "apply_ext_default": true
  }
}