{
  "ImageFilterPipeline": {
    "filter_list": [
      {
        "name": "CutByCoordinatesFilter",
        "kwargs": {
          "x1": 0.19382612806946037,
          "y1": 0.21772389513641593,
          "x2": 0.7375997413954138,
          "y2": 0.7614975084623694
        }
      }
    ],
    "apply_ext_default": true
  }
}