{
  "ImageFilterPipeline": {
    "filter_list": [
      {
        "name": "CutByCoordinatesFilter",
        "kwargs": {
          "x1": 0.23293478965485098,
          "y1": 0.2561766076060534,
          "x2": 0.7693785262135266,
          "y2": 0.792620344164729
        }
      }
    ],
    "apply_ext_default": true
  }
}