{
  "ImageFilterPipeline": {
    "filter_list": [
      {
        "name": "CutByCoordinatesFilter",
        "kwargs": {
          "x1": 0.2494593080703616,
          "y1": 0.22544406024855373,
          "x2": 0.7909437599952818,
          "y2": 0.7669285121734739
        }
      }
    ],
    "apply_ext_default": true
  }
}