{
  "ImageFilterPipeline": {
    "filter_list": [
      {
        "name": "CutByCoordinatesFilter",
        "kwargs": {
          "x1": 0.2711694560047388,
          "y1": 0.2673302612301111,
          "x2": 0.7957834281924963,
          "y2": 0.7919442334178686
        }
      }
    ],
    "apply_ext_default": true
  }
}