{
  "ImageFilterPipeline": {
    "filter_list": [
      {
        "name": "CutByCoordinatesFilter",
        "kwargs": {
          "x1": 0.23294197695839403,
          "y1": 0.25766216891396043,
          "x2": 0.7655567608536482,
          "y2": 0.7902769528092146
        }
      }
    ],
    "apply_ext_default": true
  }
}