{
  "ImageFilterPipeline": {
    "filter_list": [
      {
        "name": "CutByCoordinatesFilter",
        "kwargs": {
          "x1": 0.26322480180859564,
          "y1": 0.23284097650647162,
          "x2": 0.7959393050372601,
          "y2": 0.765555479735136
        }
      }
    ],
    "apply_ext_default": true
  }
}