{
  "ImageFilterPipeline": {
    "filter_list": [
      {
        "name": "CutByCoordinatesFilter",
        "kwargs": {
          "x1": 0.22790102179664373,
          "y1": 0.25529394562858343,
          "x2": 0.764524598759234,
          "y2": 0.7919175225911737
        }
      }
    ],
    "apply_ext_default": true
  }
}