{
  "ImageFilterPipeline": {
    "filter_list": [
      {
        "name": "CutByCoordinatesFilter",
        "kwargs": {
          "x1": 0.23367756218880414,
          "y1": 0.22748782844513654,
          "x2": 0.7680014410498739,
          "y2": 0.7618117073062063
        }
      }
    ],
    "apply_ext_default": true
  }
}