{
  "ImageFilterPipeline": {
    "filter_list": [
      {
        "name": "CutByCoordinatesFilter",
        "kwargs": {
          "x1": 0.21355545441722867,
          "y1": 0.2679041020116806,
          "x2": 0.7500963815011978,
          "y2": 0.8044450290956497
        }
      }
    ],
    "apply_ext_default": true
  }
}