{
  "ImageFilterPipeline": {
    "filter_list": [
      {
        "name": "CutByCoordinatesFilter",
        "kwargs": {
          "x1": 0.21832557249468565,
          "y1": 0.19748331833285093,
          "x2": 0.7497318811376691,
          "y2": 0.7288896269758344
        }
      }
    ],
    "apply_ext_default": true
  }
}