{
  "ImageFilterPipeline": {
    "filter_list": [
      {
        "name": "CutByCoordinatesFilter",
        "kwargs": {
          "x1": 0.23951701494961974,
          "y1": 0.2869041380575299,
          "x2": 0.7758247437784076,
          "y2": 0.8232118668863178
        }
      }
    ],
    "apply_ext_default": true
  }
}