{
  "ImageFilterPipeline": {
    "filter_list": [
      {
        "name": "CutByCoordinatesFilter",
        "kwargs": {
          "x1": 0.26730032022607325,
          "y1": 0.22884286697518824,
          "x2": 0.819232332152009,
          "y2": 0.780774878901124
        }
      }
    ],
    "apply_ext_default": true
  }
}