{
  "ImageFilterPipeline": {
    "filter_list": [
      {
        "name": "CutByCoordinatesFilter",
        "kwargs": {
          "x1": 0.24537112060987948,
          "y1": 0.24869598690474032,
          "x2": 0.8004622882226706,
          "y2": 0.8037871545175315
        }
      }
    ],
    "apply_ext_default": true
  }
}