{
  "ImageFilterPipeline": {
    "filter_list": [
      {
        "name": "CutByCoordinatesFilter",
        "kwargs": {
          "x1": 0.21199769218719006,
          "y1": 0.2540463848904371,
          "x2": 0.7628672675296069,
          "y2": 0.8049159602328539
        }
      }
    ],
    "apply_ext_default": true
  }
}