{
  "ImageFilterPipeline": {
    "filter_list": [
      {
        "name": "CutByCoordinatesFilter",
        "kwargs": {
          "x1": 0.20812262698841094,
          "y1": 0.243163422791481,
          "x2": 0.7628831107931138,
          "y2": 0.7979239065961838
        }
      }
    ],
    "apply_ext_default": true
  }
}