{
  "ImageFilterPipeline": {
    "filter_list": [
      {
        "name": "CutByCoordinatesFilter",
        "kwargs": {
          "x1": 0.2328029989180565,
          "y1": 0.23972077359533311,
          "x2": 0.769827771288395,
          "y2": 0.7767455459656716
        }
      }
    ],
    "apply_ext_default": true
  }
}