{
  "ImageFilterPipeline": {
    "filter_list": [
      {
        "name": "CutByCoordinatesFilter",
        "kwargs": {
          "x1": 0.22005176592290399,
          "y1": 0.23510170031011102,
          "x2": 0.7569518680530787,
          "y2": 0.7720018024402857
        }
      }
    ],
    "apply_ext_default": true
  }
}