{
  "ImageFilterPipeline": {
    "filter_list": [
      {
        "name": "CutByCoordinatesFilter",
        "kwargs": {
          "x1": 0.24354395220696928,
          "y1": 0.2221694881719351,
          "x2": 0.7913516466814279,
          "y2": 0.7699771826463937
        }
      }
    ],
    "apply_ext_default": true
  }
}