{
  "ImageFilterPipeline": {
    "filter_list": [
      {
        "name": "CutByCoordinatesFilter",
        "kwargs": {
          "x1": 0.23778418226695058,
          "y1": 0.23114103599047658,
          "x2": 0.7938314922287464,
          "y2": 0.7871883459522724
        }
      }
    ],
    "apply_ext_default": true
  }
}