{
  "ImageFilterPipeline": {
    "filter_list": [
      {
        "name": "CutByCoordinatesFilter",
        "kwargs": {
          "x1": 0.25323410948950054,
          "y1": 0.21651466807562114,
          "x2": 0.7993453530387282,
          "y2": 0.7626259116248488
        }
      }
    ],
    "apply_ext_default": true
  }
}