{
  "ImageFilterPipeline": {
    "filter_list": [
      {
        "name": "CutByCoordinatesFilter",
        "kwargs": {
          "x1": 0.26167816205918787,
          "y1": 0.20963803215920923,
          "x2": 0.8169643850713968,
          "y2": 0.7649242551714182
        }
      }
    ],
    "apply_ext_default": true
  }
}