{
  "ImageFilterPipeline": {
    "filter_list": [
      {
        "name": "CutByCoordinatesFilter",
        "kwargs": {
          "x1": 0.25353192005455494,
          "y1": 0.24116306219398975,
          "x2": 0.8041356333702803,
          "y2": 0.7917667755097151
        }
      }
    ],
    "apply_ext_default": true
  }
}