{
  "ImageFilterPipeline": {
    "filter_list": [
      {
        "name": "CutByCoordinatesFilter",
        "kwargs": {
          "x1": 0.22531577289545535,
          "y1": 0.22570159376108645,
          "x2": 0.7593976026729345,
          "y2": 0.7597834235385656
        }
      }
    ],
    "apply_ext_default": true
  }
}