{
  "ImageFilterPipeline": {
    "filter_list": [
      {
        "name": "CutByCoordinatesFilter",
        "kwargs": {
          "x1": 0.23097622197675705,
          "y1": 0.24461352628278732,
          "x2": 0.7807367463726997,
          "y2": 0.79437405067873
        }
      }
    ],
    "apply_ext_default": true
  }
}