{
  "ImageFilterPipeline": {
    "filter_list": [
      {
        "name": "CutByCoordinatesFilter",
        "kwargs": {
          "x1": 0.21853619269400837,
          "y1": 0.23254507235556843,
          "x2": 0.770197158536613,
          "y2": 0.784206038198173
        }
      }
    ],
    "apply_ext_default": true
  }
}