{
  "ImageFilterPipeline": {
    "filter_list": [
      {
        "name": "CutByCoordinatesFilter",
        "kwargs": {
          "x1": 0.24964243938601016,
          "y1": 0.25111550857698917,
          "x2": 0.7878957910331488,
          "y2": 0.7893688602241278
        }
      }
    ],
    "apply_ext_default": true
  }
}