{
  "ImageFilterPipeline": {
    "filter_list": [
      {
        "name": "CutByCoordinatesFilter",
        "kwargs": {
          "x1": 0.24539032140302658,
          "y1": 0.21970352092313766,
          "x2": 0.7919544323391914,
          "y2": 0.7662676318593025
        }
      }
    ],
    "apply_ext_default": true
  }
}