{
  "ImageFilterPipeline": {
    "filter_list": [
      {
        "name": "CutByCoordinatesFilter",
        "kwargs": {
          "x1": 0.18061430785262583,
          "y1": 0.22837500307166575,
          "x2": 0.7321946468631029,
          "y2": 0.7799553420821428
        }
      }
    ],
    "apply_ext_default": true
  }
}