{
  "ImageFilterPipeline": {
    "filter_list": [
      {
        "name": "CutByCoordinatesFilter",
        "kwargs": {
          "x1": 0.23655584015810488,
          "y1": 0.2527208582397699,
          "x2": 0.7857498272422552,
          "y2": 0.8019148453239202
        }
      }
    ],
    "apply_ext_default": true
  }
}