{
  "ImageFilterPipeline": {
    "filter_list": [
      {
        "name": "CutByCoordinatesFilter",
        "kwargs": {
          "x1": 0.17007972902333734,
          "y1": 0.20262133187329767,
          "x2": 0.732529559669137,
          "y2": 0.7650711625190973
        }
      }
    ],
    "apply_ext_default": true
  }
}