{
  "ImageFilterPipeline": {
    "filter_list": [
      {
        "name": "CutByCoordinatesFilter",
        "kwargs": {
          "x1": 0.2533403322094679,
          "y1": 0.1919578000897169,
          "x2": 0.7952289298182726,
          "y2": 0.7338463976985217
        }
      }
    ],
    "apply_ext_default": true
  }
}