{
  "ImageFilterPipeline": {
    "filter_list": [
      {
        "name": "CutByCoordinatesFilter",
        "kwargs": {
          "x1": 0.22664305140042307,
          "y1": 0.2121579902317524,
          "x2": 0.7778832657191753,
          "y2": 0.7633982045505047
        }
      }
    ],
    "apply_ext_default": true
  }
}