{
  "ImageFilterPipeline": {
    "filter_list": [
      {
        "name": "CutByCoordinatesFilter",
        "kwargs": {
          "x1": 0.2127468410573602,
          "y1": 0.16904400025230648,
          "x2": 0.767570334330976,
          "y2": 0.7238674935259223
        }
      }
    ],
    "apply_ext_default": true
  }
}