{
  "ImageFilterPipeline": {
    "filter_list": [
      {
        "name": "CutByCoordinatesFilter",
        "kwargs": {
          "x1": 0.21214317459118365,
          "y1": 0.14812409061443804,
          "x2": 0.7564221702193021,
          "y2": 0.6924030862425565
        }
      }
    ],
    "apply_ext_default": true
  }
}