{
  "ImageFilterPipeline": {
    "filter_list": [
      {
        "name": "CutByCoordinatesFilter",
        "kwargs": {
          "x1": 0.24037247004675866,
          "y1": 0.23479511442351342,
          "x2": 0.790519902084589,
          "y2": 0.7849425464613438
        }
      }
    ],
    "apply_ext_default": true
  }
}