{
  "ImageFilterPipeline": {
    "filter_list": [
      {
        "name": "CutByCoordinatesFilter",
        "kwargs": {
          "x1": 0.23400861817234753,
          "y1": 0.2482584794127345,
          "x2": 0.7724440018571019,
          "y2": 0.7866938630974889
        }
      }
    ],
    "apply_ext_default": true
  }
}