{
  "ImageFilterPipeline": {
    "filter_list": [
      {
        "name": "CutByCoordinatesFilter",
        "kwargs": {
          "x1": 0.24031929028475285,
          "y1": 0.2253294373794794,
          "x2": 0.787719509477973,
          "y2": 0.7727296565726995
        }
      }
    ],
    "apply_ext_default": true
  }
}