{
  "ImageFilterPipeline": {
    "filter_list": [
      {
        "name": "CutByCoordinatesFilter",
        "kwargs": {
          "x1": 0.23678768735778333,
          "y1": 0.250134299811244,
          "x2": 0.7677356495295763,
          "y2": 0.781082261983037
        }
      }
    ],
    "apply_ext_default": true
  }
}