{
  "ImageFilterPipeline": {
    "filter_list": [
      {
        "name": "CutByCoordinatesFilter",
        "kwargs": {
          "x1": 0.22767465731734038,
          "y1": 0.2334598543369174,
          "x2": 0.7863320765770078,
          "y2": 0.7921172735965848
        }
      }
    ],
    "apply_ext_default": true
  }
}