{
  "ImageFilterPipeline": {
    "filter_list": [
      {
        "name": "CutByCoordinatesFilter",
        "kwargs": {
          "x1": 0.19969679727464912,
          "y1": 0.16701291813760993,
          "x2": 0.7614064036378265,
          "y2": 0.7287225245007873
        }
      }
    ],
    "apply_ext_default": true
  }
}