{
  "ImageFilterPipeline": {
    "filter_list": [
      {
        "name": "CutByCoordinatesFilter",
        "kwargs": {
          "x1": 0.24657497338736056,
          "y1": 0.24132553271734714,
          "x2": 0.7964669115117788,
          "y2": 0.7912174708417654
        }
      }
    ],
    "apply_ext_default": true
  }
}