{
  "ImageFilterPipeline": {
    "filter_list": [
      {
        "name": "CutByCoordinatesFilter",
        "kwargs": {
          "x1": 0.23814740287971498,
          "y1": 0.22638880717468263,
          "x2": 0.7594365824489593,
          "y2": 0.7476779867439269
        }
      }
    ],
    "apply_ext_default": true
  }
}