{
  "ImageFilterPipeline": {
    "filter_list": [
      {
        "name": "CutByCoordinatesFilter",
        "kwargs": {
          "x1": 0.24181738854402302,
          "y1": 0.21400943757051227,
          "x2": 0.7942986154461503,
          "y2": 0.7664906644726396
        }
      }
    ],
    "apply_ext_default": true
  }
}