{
  "ImageFilterPipeline": {
    "filter_list": [
      {
        "name": "CutByCoordinatesFilter",
        "kwargs": {
          "x1": 0.21456938580310342,
          "y1": 0.23984562948977944,
          "x2": 0.7652804891701936,
          "y2": 0.7905567328568697
        }
      }
    ],
    "apply_ext_default": true
  }
}