{
  "ImageFilterPipeline": {
    "filter_list": [
      {
        "name": "CutByCoordinatesFilter",
        "kwargs": {
          "x1": 0.22028924345451595,
          "y1": 0.239849401707232,
          "x2": 0.7690355050615668,
          "y2": 0.7885956633142829
        }
      }
    ],
    "apply_ext_default": true
  }
}