{
  "ImageFilterPipeline": {
    "filter_list": [
      {
        "name": "CutByCoordinatesFilter",
        "kwargs": {
          "x1": 0.26911412679445745,
          "y1": 0.21613277994883062,
          "x2": 0.8221478561233282,
          "y2": 0.7691665092777014
        }
      }
    ],
    "apply_ext_default": true
  }
}