{
  "ImageFilterPipeline": {
    "filter_list": [
      {
        "name": "CutByCoordinatesFilter",
        "kwargs": {
          "x1": 0.18358666154229641,
          "y1": 0.18218860479676724,
          "x2": 0.7455367997041941,
          "y2": 0.7441387429586649
        }
      }
    ],
    "apply_ext_default": true
  }
}