{
  "ImageFilterPipeline": {
    "filter_list": [
      {
        "name": "CutByCoordinatesFilter",
        "kwargs": {
          "x1": 0.251037270426631,
          "y1": 0.1679107254742384,
          "x2": 0.7954236561061143,
          "y2": 0.7122971111537217
        }
      }
    ],
    "apply_ext_default": true
  }
}