{
  "ImageFilterPipeline": {
    "filter_list": [
      {
        "name": "CutByCoordinatesFilter",
        "kwargs": {
          "x1": 0.22296773252129554,
          "y1": 0.22602235135674476,
          "x2": 0.7755047196424008,
          "y2": 0.77855933847785
        }
      }
    ],
    "apply_ext_default": true
  }
}