{
  "ImageFilterPipeline": {
    "filter_list": [
      {
        "name": "CutByCoordinatesFilter",
        "kwargs": {
          "x1": 0.2300744173144102,
          "y1": 0.2310311314677,
          "x2": 0.7658999445821046,
          "y2": 0.7668566587353944
        }
      }
    ],
    "apply_ext_default": true
  }
}