{
  "ImageFilterPipeline": {
    "filter_list": [
      {
        "name": "CutByCoordinatesFilter",
        "kwargs": {
          "x1": 0.23223131909537315,
          "y1": 0.2513363958852291,
          "x2": 0.7619796989901066,
          "y2": 0.7810847757799626
        }
      }
    ],
    "apply_ext_default": true
  }
}