{
  "ImageFilterPipeline": {
    "filter_list": [
      {
        "name": "CutByCoordinatesFilter",
        "kwargs": {
          "x1": 0.2731554606116414,
          "y1": 0.20746527101165058,
          "x2": 0.8266425630890727,
          "y2": 0.7609523734890818
        }
      }
    ],
    "apply_ext_default": true
  }
}