{
  "ImageFilterPipeline": {
    "filter_list": [
      {
        "name": "CutByCoordinatesFilter",
        "kwargs": {
          "x1": 0.23763261616516113,
          "y1": 0.24786852181243896,
          "x2": 0.786197857257843,
          "y2": 0.7964337629051208
        }
      }
    ],
    "apply_ext_default": true
  }
}