{
  "ImageFilterPipeline": {
    "filter_list": [
      {
        "name": "CutByCoordinatesFilter",
        "kwargs": {
          "x1": 0.23861707127326726,
          "y1": 0.24200577414268254,
          "x2": 0.7921115072942376,
          "y2": 0.7955002101636529
        }
      }
    ],
    "apply_ext_default": true
  }
}