{
  "ImageFilterPipeline": {
    "filter_list": [
      {
        "name": "CutByCoordinatesFilter",
        "kwargs": {
          "x1": 0.22496175019139053,
          "y1": 0.18163152782315017,
          "x2": 0.7784890607178807,
          "y2": 0.7351588383496404
        }
      }
    ],
    "apply_ext_default": true
  }
}