{
  "ImageFilterPipeline": {
    "filter_list": [
      {
        "name": "CutByCoordinatesFilter",
        "kwargs": {
          "x1": 0.2711300488681793,
          "y1": 0.2131815787525177,
          "x2": 0.8222591642169952,
          "y2": 0.7643106941013336
        }
      }
    ],
    "apply_ext_default": true
  }
}