{
  "ImageFilterPipeline": {
    "filter_list": [
      {
        "name": "CutByCoordinatesFilter",
        "kwargs": {
          "x1": 0.22452157474255563,
          "y1": 0.21707987523770333,
          "x2": 0.7738978888919353,
          "y2": 0.766456189387083
        }
      }
    ],
    "apply_ext_default": true
  }
}