{
  "ImageFilterPipeline": {
    "filter_list": [
      {
        "name": "CutByCoordinatesFilter",
        "kwargs": {
          "x1": 0.23717438864576817,
          "y1": 0.21502470660078526,
          "x2": 0.7739043862832784,
          "y2": 0.7517547042382955
        }
      }
    ],
    "apply_ext_default": true
  }
}