{
  "ImageFilterPipeline": {
    "filter_list": [
      {
        "name": "CutByCoordinatesFilter",
        "kwargs": {
          "x1": 0.24511256713449953,
          "y1": 0.2468502213436365,
          "x2": 0.7960045645755529,
          "y2": 0.7977422187846899
        }
      }
    ],
    "apply_ext_default": true
  }
}