{
  "ImageFilterPipeline": {
    "filter_list": [
      {
        "name": "CutByCoordinatesFilter",
        "kwargs": {
          "x1": 0.249248033023715,
          "y1": 0.2226023130186796,
          "x2": 0.8007710523835421,
          "y2": 0.7741253323785067
        }
      }
    ],
    "apply_ext_default": true
  }
}