{
  "ImageFilterPipeline": {
    "filter_list": [
      {
        "name": "CutByCoordinatesFilter",
        "kwargs": {
          "x1": 0.23988903520488736,
          "y1": 0.22686607597255704,
          "x2": 0.8004799390039444,
          "y2": 0.7874569797716141
        }
      }
    ],
    "apply_ext_default": true
  }
}