{
  "ImageFilterPipeline": {
    "filter_list": [
      {
        "name": "CutByCoordinatesFilter",
        "kwargs": {
          "x1": 0.26530529956614973,
          "y1": 0.20136900644099714,
          "x2": 0.8057865311642884,
          "y2": 0.7418502380391359
        }
      }
    ],
    "apply_ext_default": true
  }
}