{
  "ImageFilterPipeline": {
    "filter_list": [
      {
        "name": "CutByCoordinatesFilter",
        "kwargs": {
          "x1": 0.21326366284430026,
          "y1": 0.2401854119592905,
          "x2": 0.7616639413541555,
          "y2": 0.7885856904691457
        }
      }
    ],
    "apply_ext_default": true
  }
}