{
  "ImageFilterPipeline": {
    "filter_list": [
      {
        "name": "CutByCoordinatesFilter",
        "kwargs": {
          "x1": 0.23586087025117874,
          "y1": 0.2287821332306862,
          "x2": 0.7715052505640984,
          "y2": 0.7644265135436058
        }
      }
    ],
    "apply_ext_default": true
  }
}