{
  "ImageFilterPipeline": {
    "filter_list": [
      {
        "name": "CutByCoordinatesFilter",
        "kwargs": {
          "x1": 0.28054949812167884,
          "y1": 0.1937358098434806,
          "x2": 0.83181521125561,
          "y2": 0.7450015229774117
        }
      }
    ],
    "apply_ext_default": true
  }
}