{
  "ImageFilterPipeline": {
    "filter_list": [
      {
        "name": "CutByCoordinatesFilter",
        "kwargs": {
          "x1": 0.23260692178332804,
          "y1": 0.25009105025851724,
          "x2": 0.7855595606652499,
          "y2": 0.8030436891404391
        }
      }
    ],
    "apply_ext_default": true
  }
}