{
  "ImageFilterPipeline": {
    "filter_list": [
      {
        "name": "CutByCoordinatesFilter",
        "kwargs": {
          "x1": 0.2315493700416088,
          "y1": 0.23165409540247917,
          "x2": 0.7863747599213123,
          "y2": 0.7864794852821827
        }
      }
    ],
    "apply_ext_default": true
  }
}