{
  "ImageFilterPipeline": {
    "filter_list": [
      {
        "name": "CutByCoordinatesFilter",
        "kwargs": {
          "x1": 0.21887521662914755,
          "y1": 0.20944844403469565,
          "x2": 0.774446857784152,
          "y2": 0.7650200851897001
        }
      }
    ],
    "apply_ext_default": true
  }
}