{
  "ImageFilterPipeline": {
    "filter_list": [
      {
        "name": "CutByCoordinatesFilter",
        "kwargs": {
          "x1": 0.23623567756527664,
          "y1": 0.2355394357096553,
          "x2": 0.7748329049695134,
          "y2": 0.7741366631138921
        }
      }
    ],
    "apply_ext_default": true
  }
}