{
  "ImageFilterPipeline": {
    "filter_list": [
      {
        "name": "CutByCoordinatesFilter",
        "kwargs": {
          "x1": 0.21566229803168774,
          "y1": 0.20297345263564587,
          "x2": 0.7652533079901933,
          "y2": 0.7525644625941514
        }
      }
    ],
    "apply_ext_default": true
  }
}