{
  "ImageFilterPipeline": {
    "filter_list": [
      {
        "name": "CutByCoordinatesFilter",
        "kwargs": {
          "x1": 0.22667494678974154,
          "y1": 0.2597854461717606,
          "x2": 0.774357465262413,
          "y2": 0.807467964644432
        }
      }
    ],
    "apply_ext_default": true
  }
}