{
  "ImageFilterPipeline": {
    "filter_list": [
      {
        "name": "CutByCoordinatesFilter",
        "kwargs": {
          "x1": 0.19359348952037098,
          "y1": 0.2320114248917699,
          "x2": 0.7366841560675501,
          "y2": 0.775102091438949
        }
      }
    ],
    "apply_ext_default": true
  }
}