{
  "ImageFilterPipeline": {
    "filter_list": [
      {
        "name": "CutByCoordinatesFilter",
        "kwargs": {
          "x1": 0.14047415726178886,
          "y1": 0.2574244605779052,
          "x2": 0.694435579848349,
          "y2": 0.8113858831644654
        }
      }
    ],
    "apply_ext_default": true
  }
}