{
  "ImageFilterPipeline": {
    "filter_list": [
      {
        "name": "CutByCoordinatesFilter",
        "kwargs": {
          "x1": 0.19364322293680908,
          "y1": 0.2742914961664081,
          "x2": 0.7424409879358411,
          "y2": 0.8230892611654401
        }
      }
    ],
    "apply_ext_default": true
  }
}