{
  "ImageFilterPipeline": {
    "filter_list": [
      {
        "name": "CutByCoordinatesFilter",
        "kwargs": {
          "x1": 0.22625906000655888,
          "y1": 0.20974663625282047,
          "x2": 0.7763979362435938,
          "y2": 0.7598855124898554
        }
      }
    ],
    "apply_ext_default": true
  }
}