{
  "ImageFilterPipeline": {
    "filter_list": [
      {
        "name": "CutByCoordinatesFilter",
        "kwargs": {
          "x1": 0.26626178566777703,
          "y1": 0.25797280613744256,
          "x2": 0.821647137958169,
          "y2": 0.8133581584278345
        }
      }
    ],
    "apply_ext_default": true
  }
}