{
  "ImageFilterPipeline": {
    "filter_list": [
      {
        "name": "CutByCoordinatesFilter",
        "kwargs": {
          "x1": 0.21551894639533759,
          "y1": 0.20783468578857184,
          "x2": 0.7759686162610651,
          "y2": 0.7682843556542993
        }
      }
    ],
    "apply_ext_default": true
  }
}