{
  "ImageFilterPipeline": {
    "filter_list": [
      {
        "name": "CutByCoordinatesFilter",
        "kwargs": {
          "x1": 0.26938736970615385,
          "y1": 0.21006262834262845,
          "x2": 0.8240669316511154,
          "y2": 0.76474219028759
        }
      }
    ],
    "apply_ext_default": true
  }
}