{
  "ImageFilterPipeline": {
    "filter_list": [
      {
        "name": "CutByCoordinatesFilter",
        "kwargs": {
          "x1": 0.24804929542350768,
          "y1": 0.1631735329608917,
          "x2": 0.7937215800304414,
          "y2": 0.7088458175678254
        }
      }
    ],
    "apply_ext_default": true
  }
}