{
  "ImageFilterPipeline": {
    "filter_list": [
      {
        "name": "CutByCoordinatesFilter",
        "kwargs": {
          "x1": 0.19697730086106063,
          "y1": 0.16375113866585495,
          "x2": 0.7373190686915516,
          "y2": 0.7040929064963459
        }
      }
    ],
    "apply_ext_default": true
  }
}