{
  "ImageFilterPipeline": {
    "filter_list": [
      {
        "name": "CutByCoordinatesFilter",
        "kwargs": {
          "x1": 0.223528177870512,
          "y1": 0.20684218539118765,
          "x2": 0.7806355641949176,
          "y2": 0.7639495717155933
        }
      }
    ],
    "apply_ext_default": true
  }
}