{
  "ImageFilterPipeline": {
    "filter_list": [
      {
        "name": "CutByCoordinatesFilter",
        "kwargs": {
          "x1": 0.17430366051995755,
          "y1": 0.2172533668359518,
          "x2": 0.7034534715334178,
          "y2": 0.746403177849412
        }
      }
    ],
    "apply_ext_default": true
  }
}