{
  "ImageFilterPipeline": {
    "filter_list": [
      {
        "name": "CutByCoordinatesFilter",
        "kwargs": {
          "x1": 0.21258640989756583,
          "y1": 0.21266067728495597,
          "x2": 0.7525302697708607,
          "y2": 0.7526045371582508
        }
      }
    ],
    "apply_ext_default": true
  }
}