{
  "ImageFilterPipeline": {
    "filter_list": [
      {
        "name": "CutByCoordinatesFilter",
        "kwargs": {
          "x1": 0.22588148707866668,
          "y1": 0.20968344802379607,
          "x2": 0.7750947773981094,
          "y2": 0.7588967383432388
        }
      }
    ],
    "apply_ext_default": true
  }
}