{
  "ImageFilterPipeline": {
    "filter_list": [
      {
        "name": "CutByCoordinatesFilter",
        "kwargs": {
          "x1": 0.239031429107666,
          "y1": 0.21464517217445372,
          "x2": 0.7921080638809204,
          "y2": 0.7677218069477081
        }
      }
    ],
    "apply_ext_default": true
  }
}