{
  "ImageFilterPipeline": {
    "filter_list": [
      {
        "name": "CutByCoordinatesFilter",
        "kwargs": {
          "x1": 0.25807597474360466,
          "y1": 0.21267744139933586,
          "x2": 0.8150700704643726,
          "y2": 0.7696715371201038
        }
      }
    ],
    "apply_ext_default": true
  }
}