{
  "ImageFilterPipeline": {
    "filter_list": [
      {
        "name": "CutByCoordinatesFilter",
        "kwargs": {
          "x1": 0.23817287988954783,
          "y1": 0.2221301407366395,
          "x2": 0.7891144841164947,
          "y2": 0.7730717449635863
        }
      }
    ],
    "apply_ext_default": true
  }
}