{
  "ImageFilterPipeline": {
    "filter_list": [
      {
        "name": "CutByCoordinatesFilter",
        "kwargs": {
          "x1": 0.2636193327228427,
          "y1": 0.24663749258917572,
          "x2": 0.8144300289829374,
          "y2": 0.7974481888492704
        }
      }
    ],
    "apply_ext_default": true
  }
}