{
  "ImageFilterPipeline": {
    "filter_list": [
      {
        "name": "CutByCoordinatesFilter",
        "kwargs": {
          "x1": 0.22127089147639273,
          "y1": 0.21789849047732351,
          "x2": 0.757706788729906,
          "y2": 0.7543343877308368
        }
      }
    ],
    "apply_ext_default": true
  }
}