{
  "ImageFilterPipeline": {
    "filter_list": [
      {
        "name": "CutByCoordinatesFilter",
        "kwargs": {
          "x1": 0.26389405732226373,
          "y1": 0.22069231276583673,
          "x2": 0.8205604195110798,
          "y2": 0.7773586749546528
        }
      }
    ],
    "apply_ext_default": true
  }
}