{
  "ImageFilterPipeline": {
    "filter_list": [
      {
        "name": "CutByCoordinatesFilter",
        "kwargs": {
          "x1": 0.26149114629763365,
          "y1": 0.18737142941492796,
          "x2": 0.799558672694981,
          "y2": 0.7254389558122754
        }
      }
    ],
    "apply_ext_default": true
  }
}