{
  "ImageFilterPipeline": {
    "filter_list": [
      {
        "name": "CutByCoordinatesFilter",
        "kwargs": {
          "x1": 0.23099059798634053,
          "y1": 0.2517533395520449,
          "x2": 0.7774760629900694,
          "y2": 0.7982388045557738
        }
      }
    ],
    "apply_ext_default": true
  }
}