{
  "ImageFilterPipeline": {
    "filter_list": [
      {
        "name": "CutByCoordinatesFilter",
        "kwargs": {
          "x1": 0.26681557366132735,
          "y1": 0.21938151189565658,
          "x2": 0.8091960244488716,
          "y2": 0.7617619626832008
        }
      }
    ],
    "apply_ext_default": true
  }
}