{
  "ImageFilterPipeline": {
    "filter_list": [
      {
        "name": "CutByCoordinatesFilter",
        "kwargs": {
          "x1": 0.21448423904800412,
          "y1": 0.23325442714118955,
          "x2": 0.7491767759857177,
          "y2": 0.7679469640789032
        }
      }
    ],
    "apply_ext_default": true
  }
}