{
  "ImageFilterPipeline": {
    "filter_list": [
      {
        "name": "CutByCoordinatesFilter",
        "kwargs": {
          "x1": 0.19142304934751986,
          "y1": 0.1535099355150461,
          "x2": 0.7279858084748984,
          "y2": 0.6900726946424246
        }
      }
    ],
    "apply_ext_default": true
  }
}