{
  "ImageFilterPipeline": {
    "filter_list": [
      {
        "name": "CutByCoordinatesFilter",
        "kwargs": {
          "x1": 0.22932305736863612,
          "y1": 0.2196570317300558,
          "x2": 0.7849815209356547,
          "y2": 0.7753154952970743
        }
      }
    ],
    "apply_ext_default": true
  }
}