{
  "ImageFilterPipeline": {
    "filter_list": [
      {
        "name": "CutByCoordinatesFilter",
        "kwargs": {
          "x1": 0.21977448733520505,
          "y1": 0.19416362317275998,
          "x2": 0.778274235408783,
          "y2": 0.752663371246338
        }
      }
    ],
    "apply_ext_default": true
  }
}