{
  "ImageFilterPipeline": {
    "filter_list": [
      {
        "name": "CutByCoordinatesFilter",
        "kwargs": {
          "x1": 0.23854335240554808,
          "y1": 0.22981604031753539,
          "x2": 0.7840146810607911,
          "y2": 0.7752873689727784
        }
      }
    ],
    "apply_ext_default": true
  }
}