{
  "ImageFilterPipeline": {
    "filter_list": [
      {
        "name": "CutByCoordinatesFilter",
        "kwargs": {
          "x1": 0.24394986908102034,
          "y1": 0.2186569360938072,
          "x2": 0.7987936349663735,
          "y2": 0.7735007019791603
        }
      }
    ],
    "apply_ext_default": true
  }
}