{
  "ImageFilterPipeline": {
    "filter_list": [
      {
        "name": "CutByCoordinatesFilter",
        "kwargs": {
          "x1": 0.20574999312233927,
          "y1": 0.22099915603470804,
          "x2": 0.7561533405416012,
          "y2": 0.77140250345397
        }
      }
    ],
    "apply_ext_default": true
  }
}