{
  "ImageFilterPipeline": {
    "filter_list": [
      {
        "name": "CutByCoordinatesFilter",
        "kwargs": {
          "x1": 0.20056491686582567,
          "y1": 0.2329616506266594,
          "x2": 0.7550162117314339,
          "y2": 0.7874129454922676
        }
      }
    ],
    "apply_ext_default": true
  }
}