{
  "ImageFilterPipeline": {
    "filter_list": [
      {
        "name": "CutByCoordinatesFilter",
        "kwargs": {
          "x1": 0.22354853715914486,
          "y1": 0.20454198684710262,
          "x2": 0.7792772594450117,
          "y2": 0.7602707091329695
        }
      }
    ],
    "apply_ext_default": true
  }
}