{
  "ImageFilterPipeline": {
    "filter_list": [
      {
        "name": "CutByCoordinatesFilter",
        "kwargs": {
          "x1": 0.23339431835854052,
          "y1": 0.21718429877007006,
          "x2": 0.7852873866394758,
          "y2": 0.7690773670510054
        }
      }
    ],
    "apply_ext_default": true
  }
}