{
  "ImageFilterPipeline": {
    "filter_list": [
      {
        "name": "CutByCoordinatesFilter",
        "kwargs": {
          "x1": 0.20570701860201357,
          "y1": 0.20732671521914003,
          "x2": 0.7464069078086615,
          "y2": 0.7480266044257879
        }
      }
    ],
    "apply_ext_default": true
  }
}