{
  "ImageFilterPipeline": {
    "filter_list": [
      {
        "name": "CutByCoordinatesFilter",
        "kwargs": {
          "x1": 0.20499934260183572,
          "y1": 0.20500265065962076,
          "x2": 0.7517903297728896,
          "y2": 0.7517936378306747
        }
      }
    ],
    "apply_ext_default": true
  }
}