{
  "ImageFilterPipeline": {
    "filter_list": [
      {
        "name": "CutByCoordinatesFilter",
        "kwargs": {
          "x1": 0.25711876422834395,
          "y1": 0.23986256391477584,
          "x2": 0.8005889627270699,
          "y2": 0.7833327624135018
        }
      }
    ],
    "apply_ext_default": true
  }
}