{
  "ImageFilterPipeline": {
    "filter_list": [
      {
        "name": "CutByCoordinatesFilter",
        "kwargs": {
          "x1": 0.1954658677364588,
          "y1": 0.24319983027231695,
          "x2": 0.7325714776729345,
          "y2": 0.7803054402087927
        }
      }
    ],
    "apply_ext_default": true
  }
}