{
  "ImageFilterPipeline": {
    "filter_list": [
      {
        "name": "CutByCoordinatesFilter",
        "kwargs": {
          "x1": 0.23386324074327947,
          "y1": 0.2393643024212122,
          "x2": 0.7696767983192205,
          "y2": 0.7751778599971533
        }
      }
    ],
    "apply_ext_default": true
  }
}