{
  "ImageFilterPipeline": {
    "filter_list": [
      {
        "name": "CutByCoordinatesFilter",
        "kwargs": {
          "x1": 0.23596617473936082,
          "y1": 0.23916929854726793,
          "x2": 0.7886695574345588,
          "y2": 0.7918726812424659
        }
      }
    ],
    "apply_ext_default": true
  }
}