{
  "ImageFilterPipeline": {
    "filter_list": [
      {
        "name": "CutByCoordinatesFilter",
        "kwargs": {
          "x1": 0.22966609813743827,
          "y1": 0.22259817935997245,
          "x2": 0.7805082359117865,
          "y2": 0.7734403171343207
        }
      }
    ],
    "apply_ext_default": true
  }
}