{
  "ImageFilterPipeline": {
    "filter_list": [
      {
        "name": "CutByCoordinatesFilter",
        "kwargs": {
          "x1": 0.19907908410513403,
          "y1": 0.20194037527525427,
          "x2": 0.749443066411376,
          "y2": 0.7523043575814963
        }
      }
    ],
    "apply_ext_default": true
  }
}