{
  "ImageFilterPipeline": {
    "filter_list": [
      {
        "name": "CutByCoordinatesFilter",
        "kwargs": {
          "x1": 0.21768788546514511,
          "y1": 0.24713052362394333,
          "x2": 0.7715835168938636,
          "y2": 0.8010261550526618
        }
      }
    ],
    "apply_ext_default": true
  }
}