{
  "ImageFilterPipeline": {
    "filter_list": [
      {
        "name": "CutByCoordinatesFilter",
        "kwargs": {
          "x1": 0.22201843667483329,
          "y1": 0.19573535132861136,
          "x2": 0.7724349338963032,
          "y2": 0.7461518485500813
        }
      }
    ],
    "apply_ext_default": true
  }
}