{
  "ImageFilterPipeline": {
    "filter_list": [
      {
        "name": "CutByCoordinatesFilter",
        "kwargs": {
          "x1": 0.26654003667652604,
          "y1": 0.1831769804936647,
          "x2": 0.8203705091494322,
          "y2": 0.7370074529665709
        }
      }
    ],
    "apply_ext_default": true
  }
}