{
  "ImageFilterPipeline": {
    "filter_list": [
      {
        "name": "CutByCoordinatesFilter",
        "kwargs": {
          "x1": 0.2871402779048681,
          "y1": 0.27531292824208736,
          "x2": 0.8404405436092615,
          "y2": 0.8286131939464807
        }
      }
    ],
    "apply_ext_default": true
  }
}