{
  "ImageFilterPipeline": {
    "filter_list": [
      {
        "name": "CutByCoordinatesFilter",
        "kwargs": {
          "x1": 0.21407979887288808,
          "y1": 0.17477178734105825,
          "x2": 0.774456976239264,
          "y2": 0.7351489647074342
        }
      }
    ],
    "apply_ext_default": true
  }
}