{
  "ImageFilterPipeline": {
    "filter_list": [
      {
        "name": "CutByCoordinatesFilter",
        "kwargs": {
          "x1": 0.23702965068870785,
          "y1": 0.24880335617119076,
          "x2": 0.7847293229097724,
          "y2": 0.7965030283922553
        }
      }
    ],
    "apply_ext_default": true
  }
}