{
  "ImageFilterPipeline": {
    "filter_list": [
      {
        "name": "CutByCoordinatesFilter",
        "kwargs": {
          "x1": 0.19971967146724462,
          "y1": 0.21510291502803564,
          "x2": 0.7541130144801735,
          "y2": 0.7694962580409646
        }
      }
    ],
    "apply_ext_default": true
  }
}