{
  "ImageFilterPipeline": {
    "filter_list": [
      {
        "name": "CutByCoordinatesFilter",
        "kwargs": {
          "x1": 0.23765333501857516,
          "y1": 0.2536705633835196,
          "x2": 0.7899130383296609,
          "y2": 0.8059302666946053
        }
      }
    ],
    "apply_ext_default": true
  }
}