{
  "ImageFilterPipeline": {
    "filter_list": [
      {
        "name": "CutByCoordinatesFilter",
        "kwargs": {
          "x1": 0.21787266943764688,
          "y1": 0.22280957315278055,
          "x2": 0.7711554863660335,
          "y2": 0.7760923900811671
        }
      }
    ],
    "apply_ext_default": true
  }
}