{
  "ImageFilterPipeline": {
    "filter_list": [
      {
        "name": "CutByCoordinatesFilter",
        "kwargs": {
          "x1": 0.22644627979552745,
          "y1": 0.19044128945624827,
          "x2": 0.7807550341769457,
          "y2": 0.7447500438376665
        }
      }
    ],
    "apply_ext_default": true
  }
}