{
  "ImageFilterPipeline": {
    "filter_list": [
      {
        "name": "CutByCoordinatesFilter",
        "kwargs": {
          "x1": 0.28617894929289817,
          "y1": 0.22671962064146994,
          "x2": 0.8296206565535069,
          "y2": 0.7701613279020787
        }
      }
    ],
    "apply_ext_default": true
  }
}