{
  "ImageFilterPipeline": {
    "filter_list": [
      {
        "name": "CutByCoordinatesFilter",
        "kwargs": {
          "x1": 0.2517403693768978,
          "y1": 0.24659097510313988,
          "x2": 0.7954572109606266,
          "y2": 0.7903078166868687
        }
      }
    ],
    "apply_ext_default": true
  }
}