{
  "ImageFilterPipeline": {
    "filter_list": [
      {
        "name": "CutByCoordinatesFilter",
        "kwargs": {
          "x1": 0.33662298773145677,
          "y1": 0.21571991299009324,
          "x2": 0.8810453667798042,
          "y2": 0.7601422920384406
        }
      }
    ],
    "apply_ext_default": true
  }
}