{
  "ImageFilterPipeline": {
    "filter_list": [
      {
        "name": "CutByCoordinatesFilter",
        "kwargs": {
          "x1": 0.24608241782552004,
          "y1": 0.24852385387784243,
          "x2": 0.7992407752477526,
          "y2": 0.801682211300075
        }
      }
    ],
    "apply_ext_default": true
  }
}