{
  "ImageFilterPipeline": {
    "filter_list": [
      {
        "name": "CutByCoordinatesFilter",
        "kwargs": {
          "x1": 0.17834614325219394,
          "y1": 0.17268772531205417,
          "x2": 0.7318747181827425,
          "y2": 0.7262163002426028
        }
      }
    ],
    "apply_ext_default": true
  }
}