{
  "ImageFilterPipeline": {
    "filter_list": [
      {
        "name": "CutByCoordinatesFilter",
        "kwargs": {
          "x1": 0.21503648751175403,
          "y1": 0.14201588027870654,
          "x2": 0.7548560143193006,
          "y2": 0.6818354070862531
        }
      }
    ],
    "apply_ext_default": true
  }
}