{
  "ImageFilterPipeline": {
    "filter_list": [
      {
        "name": "CutByCoordinatesFilter",
        "kwargs": {
          "x1": 0.2514100072078705,
          "y1": 0.19701293083953858,
          "x2": 0.7991120817966462,
          "y2": 0.7447150054283143
        }
      }
    ],
    "apply_ext_default": true
  }
}