{
  "ImageFilterPipeline": {
    "filter_list": [
      {
        "name": "CutByCoordinatesFilter",
        "kwargs": {
          "x1": 0.21659861622762677,
          "y1": 0.23937209068250653,
          "x2": 0.7698940771965981,
          "y2": 0.7926675516514778
        }
      }
    ],
    "apply_ext_default": true
  }
}