{
  "ImageFilterPipeline": {
    "filter_list": [
      {
        "name": "CutByCoordinatesFilter",
        "kwargs": {
          "x1": 0.23428607881200314,
          "y1": 0.25056887567174435,
          "x2": 0.7821618825184107,
          "y2": 0.7984446793781519
        }
      }
    ],
    "apply_ext_default": true
  }
}