{
  "ImageFilterPipeline": {
    "filter_list": [
      {
        "name": "CutByCoordinatesFilter",
        "kwargs": {
          "x1": 0.230459195458889,
          "y1": 0.18777124294042585,
          "x2": 0.782422143137455,
          "y2": 0.7397341906189918
        }
      }
    ],
    "apply_ext_default": true
  }
}