{
  "ImageFilterPipeline": {
    "filter_list": [
      {
        "name": "CutByCoordinatesFilter",
        "kwargs": {
          "x1": 0.24798403764283655,
          "y1": 0.22078804755723475,
          "x2": 0.7956959745832681,
          "y2": 0.7684999844976663
        }
      }
    ],
    "apply_ext_default": true
  }
}