{
  "ImageFilterPipeline": {
    "filter_list": [
      {
        "name": "CutByCoordinatesFilter",
        "kwargs": {
          "x1": 0.1996401145457029,
          "y1": 0.18836184287059304,
          "x2": 0.7592836425305605,
          "y2": 0.7480053708554506
        }
      }
    ],
    "apply_ext_default": true
  }
}