{
  "ImageFilterPipeline": {
    "filter_list": [
      {
        "name": "CutByCoordinatesFilter",
        "kwargs": {
          "x1": 0.24600819998705387,
          "y1": 0.23496241622889041,
          "x2": 0.7996056849387885,
          "y2": 0.788559901180625
        }
      }
    ],
    "apply_ext_default": true
  }
}