{
  "ImageFilterPipeline": {
    "filter_list": [
      {
        "name": "CutByCoordinatesFilter",
        "kwargs": {
          "x1": 0.23580667846643927,
          "y1": 0.238052581481576,
          "x2": 0.775384451218009,
          "y2": 0.7776303542331457
        }
      }
    ],
    "apply_ext_default": true
  }
}