{
  "ImageFilterPipeline": {
    "filter_list": [
      {
        "name": "CutByCoordinatesFilter",
        "kwargs": {
          "x1": 0.22252099326825142,
          "y1": 0.24230556300854683,
          "x2": 0.7740821976306438,
          "y2": 0.7938667673709392
        }
      }
    ],
    "apply_ext_default": true
  }
}