{
  "ImageFilterPipeline": {
    "filter_list": [
      {
        "name": "CutByCoordinatesFilter",
        "kwargs": {
          "x1": 0.24148444275653363,
          "y1": 0.23767069916522504,
          "x2": 0.7912379707833528,
          "y2": 0.7874242271920442
        }
      }
    ],
    "apply_ext_default": true
  }
}