{
  "ImageFilterPipeline": {
    "filter_list": [
      {
        "name": "CutByCoordinatesFilter",
        "kwargs": {
          "x1": 0.21590283137762545,
          "y1": 0.22679784518682955,
          "x2": 0.7723089792112112,
          "y2": 0.7832039930204153
        }
      }
    ],
    "apply_ext_default": true
  }
}