{
  "ImageFilterPipeline": {
    "filter_list": [
      {
        "name": "CutByCoordinatesFilter",
        "kwargs": {
          "x1": 0.21807473523372412,
          "y1": 0.25195037944072485,
          "x2": 0.7575326003337503,
          "y2": 0.791408244540751
        }
      }
    ],
    "apply_ext_default": true
  }
}