{
  "ImageFilterPipeline": {
    "filter_list": [
      {
        "name": "CutByCoordinatesFilter",
        "kwargs": {
          "x1": 0.21535966660171746,
          "y1": 0.2181935992398858,
          "x2": 0.7548174474081397,
          "y2": 0.757651380046308
        }
      }
    ],
    "apply_ext_default": true
  }
}