{
  "ImageFilterPipeline": {
    "filter_list": [
      {
        "name": "CutByCoordinatesFilter",
        "kwargs": {
          "x1": 0.23605768018633128,
          "y1": 0.21394894653230906,
          "x2": 0.7571579999360443,
          "y2": 0.735049266282022
        }
      }
    ],
    "apply_ext_default": true
  }
}