{
  "ImageFilterPipeline": {
    "filter_list": [
      {
        "name": "CutByCoordinatesFilter",
        "kwargs": {
          "x1": 0.23537254068505764,
          "y1": 0.21570145818841457,
          "x2": 0.7765958931719065,
          "y2": 0.7569248106752634
        }
      }
    ],
    "apply_ext_default": true
  }
}