{
  "ImageFilterPipeline": {
    "filter_list": [
      {
        "name": "CutByCoordinatesFilter",
        "kwargs": {
          "x1": 0.20321208021569254,
          "y1": 0.20995700142312052,
          "x2": 0.7560687086827755,
          "y2": 0.7628136298902035
        }
      }
    ],
    "apply_ext_default": true
  }
}