{
  "ImageFilterPipeline": {
    "filter_list": [
      {
        "name": "CutByCoordinatesFilter",
        "kwargs": {
          "x1": 0.25448846097302436,
          "y1": 0.17357384438824652,
          "x2": 0.7967625332324505,
          "y2": 0.7158479166476727
        }
      }
    ],
    "apply_ext_default": true
  }
}