{
  "ImageFilterPipeline": {
    "filter_list": [
      {
        "name": "CutByCoordinatesFilter",
        "kwargs": {
          "x1": 0.24109765133941174,
          "y1": 0.252992145634532,
          "x2": 0.7900075689784288,
          "y2": 0.8019020632735491
        }
      }
    ],
    "apply_ext_default": true
  }
}