{
  "ImageFilterPipeline": {
    "filter_list": [
      {
        "name": "CutByCoordinatesFilter",
        "kwargs": {
          "x1": 0.23934901347315313,
          "y1": 0.21925926795160772,
          "x2": 0.7798209727748633,
          "y2": 0.7597312272533179
        }
      }
    ],
    "apply_ext_default": true
  }
}