{
  "ImageFilterPipeline": {
    "filter_list": [
      {
        "name": "CutByCoordinatesFilter",
        "kwargs": {
          "x1": 0.20681709351694583,
          "y1": 0.19212693276560305,
          "x2": 0.7648221224292517,
          "y2": 0.750131961677909
        }
      }
    ],
    "apply_ext_default": true
  }
}