{
  "ImageFilterPipeline": {
    "filter_list": [
      {
        "name": "CutByCoordinatesFilter",
        "kwargs": {
          "x1": 0.17913957378458978,
          "y1": 0.17705719611239434,
          "x2": 0.7446466491501331,
          "y2": 0.7425642714779377
        }
      }
    ],
    "apply_ext_default": true
  }
}