{
  "ImageFilterPipeline": {
    "filter_list": [
      {
        "name": "CutByCoordinatesFilter",
        "kwargs": {
          "x1": 0.25582497023892403,
          "y1": 0.23857234620404244,
          "x2": 0.8053954968516827,
          "y2": 0.7881428728168011
        }
      }
    ],
    "apply_ext_default": true
  }
}