{
  "ImageFilterPipeline": {
    "filter_list": [
      {
        "name": "CutByCoordinatesFilter",
        "kwargs": {
          "x1": 0.23635734423947335,
          "y1": 0.24482460126233102,
          "x2": 0.790513442904234,
          "y2": 0.7989806999270916
        }
      }
    ],
    "apply_ext_default": true
  }
}