{
  "ImageFilterPipeline": {
    "filter_list": [
      {
        "name": "CutByCoordinatesFilter",
        "kwargs": {
          "x1": 0.19535014368009568,
          "y1": 0.18689683414411545,
          "x2": 0.7550182011036872,
          "y2": 0.746564891567707
        }
      }
    ],
    "apply_ext_default": true
  }
}