{
  "ImageFilterPipeline": {
    "filter_list": [
      {
        "name": "CutByCoordinatesFilter",
        "kwargs": {
          "x1": 0.2668934600151777,
          "y1": 0.19342775509727,
          "x2": 0.8203376991950273,
          "y2": 0.7468719942771196
        }
      }
    ],
    "apply_ext_default": true
  }
}