{
  "ImageFilterPipeline": {
    "filter_list": [
      {
        "name": "CutByCoordinatesFilter",
        "kwargs": {
          "x1": 0.22444768650728464,
          "y1": 0.2335744987269044,
          "x2": 0.7572439123849273,
          "y2": 0.766370724604547
        }
      }
    ],
    "apply_ext_default": true
  }
}