{
  "ImageFilterPipeline": {
    "filter_list": [
      {
        "name": "CutByCoordinatesFilter",
        "kwargs": {
          "x1": 0.24902435120934246,
          "y1": 0.20753695544594525,
          "x2": 0.7986910146773458,
          "y2": 0.7572036189139486
        }
      }
    ],
    "apply_ext_default": true
  }
}