{
  "ImageFilterPipeline": {
    "filter_list": [
      {
        "name": "CutByCoordinatesFilter",
        "kwargs": {
          "x1": 0.19594452963089942,
          "y1": 0.283924293377161,
          "x2": 0.7339479507424831,
          "y2": 0.8219277144887447
        }
      }
    ],
    "apply_ext_default": true
  }
}