{
  "ImageFilterPipeline": {
    "filter_list": [
      {
        "name": "CutByCoordinatesFilter",
        "kwargs": {
          "x1": 0.14715358150303365,
          "y1": 0.18393036258518697,
          "x2": 0.6851638303965331,
          "y2": 0.7219406114786864
        }
      }
    ],
    "apply_ext_default": true
  }
}