{
  "ImageFilterPipeline": {
    "filter_list": [
      {
        "name": "CutByCoordinatesFilter",
        "kwargs": {
          "x1": 0.16800690729755163,
          "y1": 0.1886237962974906,
          "x2": 0.708396722482264,
          "y2": 0.729013611482203
        }
      }
    ],
    "apply_ext_default": true
  }
}