{
  "ImageFilterPipeline": {
    "filter_list": [
      {
        "name": "CutByCoordinatesFilter",
        "kwargs": {
          "x1": 0.1720835277169347,
          "y1": 0.20910167780810596,
          "x2": 0.7088595918089747,
          "y2": 0.745877741900146
        }
      }
    ],
    "apply_ext_default": true
  }
}