{
  "ImageFilterPipeline": {
    "filter_list": [
      {
        "name": "CutByCoordinatesFilter",
        "kwargs": {
          "x1": 0.28917304291677476,
          "y1": 0.1312548877234459,
          "x2": 0.8339177607064248,
          "y2": 0.6759996055130959
        }
      }
    ],
    "apply_ext_default": true
  }
}