{
  "ImageFilterPipeline": {
    "filter_list": [
      {
        "name": "CutByCoordinatesFilter",
        "kwargs": {
          "x1": 0.2510044511494636,
          "y1": 0.2362398441967964,
          "x2": 0.798768228656292,
          "y2": 0.7840036217036248
        }
      }
    ],
    "apply_ext_default": true
  }
}