{
  "ImageFilterPipeline": {
    "filter_list": [
      {
        "name": "CutByCoordinatesFilter",
        "kwargs": {
          "x1": 0.24143911928302048,
          "y1": 0.23739059299594162,
          "x2": 0.7905598130785823,
          "y2": 0.7865112867915034
        }
      }
    ],
    "apply_ext_default": true
  }
}