{
  "ImageFilterPipeline": {
    "filter_list": [
      {
        "name": "CutByCoordinatesFilter",
        "kwargs": {
          "x1": 0.2688072585494518,
          "y1": 0.23473193878245352,
          "x2": 0.8162822461693287,
          "y2": 0.7822069264023304
        }
      }
    ],
    "apply_ext_default": true
  }
}