{
  "ImageFilterPipeline": {
    "filter_list": [
      {
        "name": "CutByCoordinatesFilter",
        "kwargs": {
          "x1": 0.16078468576663735,
          "y1": 0.19318055526012184,
          "x2": 0.6825206635833383,
          "y2": 0.7149165330768228
        }
      }
    ],
    "apply_ext_default": true
  }
}