{
  "ImageFilterPipeline": {
    "filter_list": [
      {
        "name": "CutByCoordinatesFilter",
        "kwargs": {
          "x1": 0.176632379501462,
          "y1": 0.2467903544598818,
          "x2": 0.7166454444235564,
          "y2": 0.7868034193819762
        }
      }
    ],
    "apply_ext_default": true
  }
}