{
  "ImageFilterPipeline": {
    "filter_list": [
      {
        "name": "CutByCoordinatesFilter",
        "kwargs": {
          "x1": 0.26134415890604257,
          "y1": 0.13308193709284066,
          "x2": 0.7945355531987548,
          "y2": 0.6662733313855529
        }
      }
    ],
    "apply_ext_default": true
  }
}