{
  "ImageFilterPipeline": {
    "filter_list": [
      {
        "name": "CutByCoordinatesFilter",
        "kwargs": {
          "x1": 0.24433623541498184,
          "y1": 0.1288576005806923,
          "x2": 0.7662009717116356,
          "y2": 0.650722336877346
        }
      }
    ],
    "apply_ext_default": true
  }
}