{
  "ImageFilterPipeline": {
    "filter_list": [
      {
        "name": "CutByCoordinatesFilter",
        "kwargs": {
          "x1": 0.19798130120396612,
          "y1": 0.23374927367329595,
          "x2": 0.7267373767936229,
          "y2": 0.7625053492629528
        }
      }
    ],
    "apply_ext_default": true
  }
}