{
  "ImageFilterPipeline": {
    "filter_list": [
      {
        "name": "CutByCoordinatesFilter",
        "kwargs": {
          "x1": 0.21104419161981341,
          "y1": 0.2564797692508101,
          "x2": 0.7562060363083483,
          "y2": 0.801641613939345
        }
      }
    ],
    "apply_ext_default": true
  }
}