{
  "ImageFilterPipeline": {
    "filter_list": [
      {
        "name": "CutByCoordinatesFilter",
        "kwargs": {
          "x1": 0.24243890645539762,
          "y1": 0.25248979928529264,
          "x2": 0.7757602393385172,
          "y2": 0.7858111321684123
        }
      }
    ],
    "apply_ext_default": true
  }
}