{
  "ImageFilterPipeline": {
    "filter_list": [
      {
        "name": "CutByCoordinatesFilter",
        "kwargs": {
          "x1": 0.22920397476434706,
          "y1": 0.2550331707406044,
          "x2": 0.7622952704024315,
          "y2": 0.7881244663786888
        }
      }
    ],
    "apply_ext_default": true
  }
}