{
  "ImageFilterPipeline": {
    "filter_list": [
      {
        "name": "CutByCoordinatesFilter",
        "kwargs": {
          "x1": 0.22433234010547398,
          "y1": 0.23292414103358983,
          "x2": 0.7558247968116403,
          "y2": 0.7644165977397561
        }
      }
    ],
    "apply_ext_default": true
  }
}