{
  "ImageFilterPipeline": {
    "filter_list": [
      {
        "name": "CutByCoordinatesFilter",
        "kwargs": {
          "x1": 0.22044416791796684,
          "y1": 0.2246482027232647,
          "x2": 0.7608209597408772,
          "y2": 0.765024994546175
        }
      }
    ],
    "apply_ext_default": true
  }
}