{
  "ImageFilterPipeline": {
    "filter_list": [
      {
        "name": "CutByCoordinatesFilter",
        "kwargs": {
          "x1": 0.2493444109726548,
          "y1": 0.25411862380987404,
          "x2": 0.7955257868003249,
          "y2": 0.8002999996375442
        }
      }
    ],
    "apply_ext_default": true
  }
}