{
  "ImageFilterPipeline": {
    "filter_list": [
      {
        "name": "CutByCoordinatesFilter",
        "kwargs": {
          "x1": 0.22077208873844145,
          "y1": 0.22488540527439116,
          "x2": 0.7776446330823898,
          "y2": 0.7817579496183396
        }
      }
    ],
    "apply_ext_default": true
  }
}