{
  "ImageFilterPipeline": {
    "filter_list": [
      {
        "name": "CutByCoordinatesFilter",
        "kwargs": {
          "x1": 0.26457253635656836,
          "y1": 0.22080299795401098,
          "x2": 0.8208060508893729,
          "y2": 0.7770365124868155
        }
      }
    ],
    "apply_ext_default": true
  }
}