{
  "ImageFilterPipeline": {
    "filter_list": [
      {
        "name": "CutByCoordinatesFilter",
        "kwargs": {
          "x1": 0.2747649684846401,
          "y1": 0.2011781469285488,
          "x2": 0.8254761561453343,
          "y2": 0.751889334589243
        }
      }
    ],
    "apply_ext_default": true
  }
}