{
  "ImageFilterPipeline": {
    "filter_list": [
      {
        "name": "CutByCoordinatesFilter",
        "kwargs": {
          "x1": 0.22094860008108613,
          "y1": 0.19496896198141572,
          "x2": 0.7903777725423575,
          "y2": 0.7643981344426871
        }
      }
    ],
    "apply_ext_default": true
  }
}