{
  "ImageFilterPipeline": {
    "filter_list": [
      {
        "name": "CutByCoordinatesFilter",
        "kwargs": {
          "x1": 0.21621781368505955,
          "y1": 0.25034615178358555,
          "x2": 0.7670969984983206,
          "y2": 0.8012253365968466
        }
      }
    ],
    "apply_ext_default": true
  }
}