{
  "ImageFilterPipeline": {
    "filter_list": [
      {
        "name": "CutByCoordinatesFilter",
        "kwargs": {
          "x1": 0.23625095398736,
          "y1": 0.21956108720612527,
          "x2": 0.7742260524480342,
          "y2": 0.7575361856667995
        }
      }
    ],
    "apply_ext_default": true
  }
}