{
  "ImageFilterPipeline": {
    "filter_list": [
      {
        "name": "CutByCoordinatesFilter",
        "kwargs": {
          "x1": 0.24377716266572474,
          "y1": 0.22156030618607997,
          "x2": 0.7769986919218301,
          "y2": 0.7547818354421854
        }
      }
    ],
    "apply_ext_default": true
  }
}