{
  "ImageFilterPipeline": {
    "filter_list": [
      {
        "name": "CutByCoordinatesFilter",
        "kwargs": {
          "x1": 0.22996544488096238,
          "y1": 0.22729092486524582,
          "x2": 0.7848294412312508,
          "y2": 0.7821549212155342
        }
      }
    ],
    "apply_ext_default": true
  }
}