{
  "ImageFilterPipeline": {
    "filter_list": [
      {
        "name": "CutByCoordinatesFilter",
        "kwargs": {
          "x1": 0.24431448867106437,
          "y1": 0.1838651268699169,
          "x2": 0.7944572002670764,
          "y2": 0.734007838465929
        }
      }
    ],
    "apply_ext_default": true
  }
}