{
  "ImageFilterPipeline": {
    "filter_list": [
      {
        "name": "CutByCoordinatesFilter",
        "kwargs": {
          "x1": 0.23308675783872607,
          "y1": 0.24394094246625903,
          "x2": 0.7763168881535529,
          "y2": 0.7871710727810859
        }
      }
    ],
    "apply_ext_default": true
  }
}