{
  "ImageFilterPipeline": {
    "filter_list": [
      {
        "name": "CutByCoordinatesFilter",
        "kwargs": {
          "x1": 0.24042634057492018,
          "y1": 0.2044266848513484,
          "x2": 0.7907558889439702,
          "y2": 0.7547562332203984
        }
      }
    ],
    "apply_ext_default": true
  }
}