{
  "ImageFilterPipeline": {
    "filter_list": [
      {
        "name": "CutByCoordinatesFilter",
        "kwargs": {
          "x1": 0.24067842572790382,
          "y1": 0.22806024163824318,
          "x2": 0.7927590051307083,
          "y2": 0.7801408210410476
        }
      }
    ],
    "apply_ext_default": true
  }
}