{
  "ImageFilterPipeline": {
    "filter_list": [
      {
        "name": "CutByCoordinatesFilter",
        "kwargs": {
          "x1": 0.21029063570821283,
          "y1": 0.23626487958753106,
          "x2": 0.7565250743595362,
          "y2": 0.7824993182388544
        }
      }
    ],
    "apply_ext_default": true
  }
}