{
  "ImageFilterPipeline": {
    "filter_list": [
      {
        "name": "CutByCoordinatesFilter",
        "kwargs": {
          "x1": 0.24711479144507648,
          "y1": 0.21496887402945758,
          "x2": 0.799255893655479,
          "y2": 0.7671099762398601
        }
      }
    ],
    "apply_ext_default": true
  }
}