{
  "ImageFilterPipeline": {
    "filter_list": [
      {
        "name": "CutByCoordinatesFilter",
        "kwargs": {
          "x1": 0.2993662144779563,
          "y1": 0.21078444381946326,
          "x2": 0.835701844489634,
          "y2": 0.747120073831141
        }
      }
    ],
    "apply_ext_default": true
  }
}