{
  "ImageFilterPipeline": {
    "filter_list": [
      {
        "name": "CutByCoordinatesFilter",
        "kwargs": {
          "x1": 0.22385381383925673,
          "y1": 0.22975136561423537,
          "x2": 0.7659255393025279,
          "y2": 0.7718230910775066
        }
      }
    ],
    "apply_ext_default": true
  }
}