{
  "ImageFilterPipeline": {
    "filter_list": [
      {
        "name": "CutByCoordinatesFilter",
        "kwargs": {
          "x1": 0.29219884059619905,
          "y1": 0.19244388125133516,
          "x2": 0.8407755456190109,
          "y2": 0.741020586274147
        }
      }
    ],
    "apply_ext_default": true
  }
}