{
  "ImageFilterPipeline": {
    "filter_list": [
      {
        "name": "CutByCoordinatesFilter",
        "kwargs": {
          "x1": 0.1761705967885256,
          "y1": 0.19266183109104634,
          "x2": 0.7459157016772031,
          "y2": 0.7624069359797239
        }
      }
    ],
    "apply_ext_default": true
  }
}