{
  "ImageFilterPipeline": {
    "filter_list": [
      {
        "name": "CutByCoordinatesFilter",
        "kwargs": {
          "x1": 0.21648531091684103,
          "y1": 0.25356410873407126,
          "x2": 0.7733228312683702,
          "y2": 0.8104016290856004
        }
      }
    ],
    "apply_ext_default": true
  }
}