{
  "ImageFilterPipeline": {
    "filter_list": [
      {
        "name": "CutByCoordinatesFilter",
        "kwargs": {
          "x1": 0.22022150791490075,
          "y1": 0.21024524010026452,
          "x2": 0.7599923130193948,
          "y2": 0.7500160452047586
        }
      }
    ],
    "apply_ext_default": true
  }
}