{
  "ImageFilterPipeline": {
    "filter_list": [
      {
        "name": "CutByCoordinatesFilter",
        "kwargs": {
          "x1": 0.22997677285689117,
          "y1": 0.22019660432356597,
          "x2": 0.7671777610061765,
          "y2": 0.7573975924728513
        }
      }
    ],
    "apply_ext_default": true
  }
}