{
  "ImageFilterPipeline": {
    "filter_list": [
      {
        "name": "CutByCoordinatesFilter",
        "kwargs": {
          "x1": 0.24610617321038247,
          "y1": 0.24880048196816446,
          "x2": 0.7878684147069455,
          "y2": 0.7905627234647274
        }
      }
    ],
    "apply_ext_default": true
  }
}