{
  "ImageFilterPipeline": {
    "filter_list": [
      {
        "name": "CutByCoordinatesFilter",
        "kwargs": {
          "x1": 0.3431780041717887,
          "y1": 0.15048587336772679,
          "x2": 0.852890342328608,
          "y2": 0.6601982115245462
        }
      }
    ],
    "apply_ext_default": true
  }
}