{
  "ImageFilterPipeline": {
    "filter_list": [
      {
        "name": "CutByCoordinatesFilter",
        "kwargs": {
          "x1": 0.21962369201111792,
          "y1": 0.2588962983839512,
          "x2": 0.778718047166586,
          "y2": 0.8179906535394192
        }
      }
    ],
    "apply_ext_default": true
  }
}