{
  "ImageFilterPipeline": {
    "filter_list": [
      {
        "name": "CutByCoordinatesFilter",
        "kwargs": {
          "x1": 0.21039266943693158,
          "y1": 0.21779860615491864,
          "x2": 0.7502375686192513,
          "y2": 0.7576435053372383
        }
      }
    ],
    "apply_ext_default": true
  }
}