{
  "ImageFilterPipeline": {
    "filter_list": [
      {
        "name": "CutByCoordinatesFilter",
        "kwargs": {
          "x1": 0.22070637953031064,
          "y1": 0.1873604119991064,
          "x2": 0.7762481807495356,
          "y2": 0.7429022132183314
        }
      }
    ],
    "apply_ext_default": true
  }
}