{
  "ImageFilterPipeline": {
    "filter_list": [
      {
        "name": "CutByCoordinatesFilter",
        "kwargs": {
          "x1": 0.19123835023391245,
          "y1": 0.15485466178405283,
          "x2": 0.7549650603915453,
          "y2": 0.7185813719416857
        }
      }
    ],
    "apply_ext_default": true
  }
}