{
  "ImageFilterPipeline": {
    "filter_list": [
      {
        "name": "CutByCoordinatesFilter",
        "kwargs": {
          "x1": 0.24300926302754877,
          "y1": 0.22514685367429255,
          "x2": 0.7954005065075159,
          "y2": 0.7775380971542597
        }
      }
    ],
    "apply_ext_default": true
  }
}