{
  "ImageFilterPipeline": {
    "filter_list": [
      {
        "name": "CutByCoordinatesFilter",
        "kwargs": {
          "x1": 0.24146227805125714,
          "y1": 0.22299181191432477,
          "x2": 0.796628129797101,
          "y2": 0.7781576636601686
        }
      }
    ],
    "apply_ext_default": true
  }
}