{
  "ImageFilterPipeline": {
    "filter_list": [
      {
        "name": "CutByCoordinatesFilter",
        "kwargs": {
          "x1": 0.19723764587193726,
          "y1": 0.19173992205411194,
          "x2": 0.7241516954824329,
          "y2": 0.7186539716646075
        }
      }
    ],
    "apply_ext_default": true
  }
}