{
  "ImageFilterPipeline": {
    "filter_list": [
      {
        "name": "CutByCoordinatesFilter",
        "kwargs": {
          "x1": 0.25733300255560876,
          "y1": 0.22701992796683312,
          "x2": 0.8100685854074955,
          "y2": 0.7797555108187199
        }
      }
    ],
    "apply_ext_default": true
  }
}