{
  "ImageFilterPipeline": {
    "filter_list": [
      {
        "name": "CutByCoordinatesFilter",
        "kwargs": {
          "x1": 0.19447083078718186,
          "y1": 0.17719698749876023,
          "x2": 0.758139125477314,
          "y2": 0.7408652821888924
        }
      }
    ],
    "apply_ext_default": true
  }
}