{
  "ImageFilterPipeline": {
    "filter_list": [
      {
        "name": "CutByCoordinatesFilter",
        "kwargs": {
          "x1": 0.23992983474791052,
          "y1": 0.22860101833403113,
          "x2": 0.7931921683305502,
          "y2": 0.7818633519166708
        }
      }
    ],
    "apply_ext_default": true
  }
}