{
  "ImageFilterPipeline": {
    "filter_list": [
      {
        "name": "CutByCoordinatesFilter",
        "kwargs": {
          "x1": 0.21517962441766264,
          "y1": 0.25476280079209807,
          "x2": 0.7507424928156137,
          "y2": 0.7903256691900491
        }
      }
    ],
    "apply_ext_default": true
  }
}