{
  "ImageFilterPipeline": {
    "filter_list": [
      {
        "name": "CutByCoordinatesFilter",
        "kwargs": {
          "x1": 0.22872213413643838,
          "y1": 0.24070785334038736,
          "x2": 0.7815113277204037,
          "y2": 0.7934970469243526
        }
      }
    ],
    "apply_ext_default": true
  }
}