{
  "ImageFilterPipeline": {
    "filter_list": [
      {
        "name": "CutByCoordinatesFilter",
        "kwargs": {
          "x1": 0.21881149201774597,
          "y1": 0.23678586869621276,
          "x2": 0.7697760662517548,
          "y2": 0.7877504429302216
        }
      }
    ],
    "apply_ext_default": true
  }
}