{
  "ImageFilterPipeline": {
    "filter_list": [
      {
        "name": "CutByCoordinatesFilter",
        "kwargs": {
          "x1": 0.22741834001147748,
          "y1": 0.20486972407901288,
          "x2": 0.7742613784829377,
          "y2": 0.7517127625504731
        }
      }
    ],
    "apply_ext_default": true
  }
}