{
  "ImageFilterPipeline": {
    "filter_list": [
      {
        "name": "CutByCoordinatesFilter",
        "kwargs": {
          "x1": 0.22080996363198757,
          "y1": 0.2029367360357046,
          "x2": 0.7750023928400278,
          "y2": 0.7571291652437449
        }
      }
    ],
    "apply_ext_default": true
  }
}