{
  "ImageFilterPipeline": {
    "filter_list": [
      {
        "name": "CutByCoordinatesFilter",
        "kwargs": {
          "x1": 0.26589760155779124,
          "y1": 0.19830265612703563,
          "x2": 0.8225266638268829,
          "y2": 0.7549317183961273
        }
      }
    ],
    "apply_ext_default": true
  }
}