{
  "ImageFilterPipeline": {
    "filter_list": [
      {
        "name": "CutByCoordinatesFilter",
        "kwargs": {
          "x1": 0.23048377472913267,
          "y1": 0.212389950342536,
          "x2": 0.7873972014709711,
          "y2": 0.7693033770843745
        }
      }
    ],
    "apply_ext_default": true
  }
}