{
  "ImageFilterPipeline": {
    "filter_list": [
      {
        "name": "CutByCoordinatesFilter",
        "kwargs": {
          "x1": 0.21573041099715234,
          "y1": 0.23858459014105798,
          "x2": 0.764070588167429,
          "y2": 0.7869247673113346
        }
      }
    ],
    "apply_ext_default": true
  }
}