{
  "ImageFilterPipeline": {
    "filter_list": [
      {
        "name": "CutByCoordinatesFilter",
        "kwargs": {
          "x1": 0.22018039349615576,
          "y1": 0.23310947541296484,
          "x2": 0.7709948408216238,
          "y2": 0.7839239227384329
        }
      }
    ],
    "apply_ext_default": true
  }
}