{
  "ImageFilterPipeline": {
    "filter_list": [
      {
        "name": "CutByCoordinatesFilter",
        "kwargs": {
          "x1": 0.23182780774152278,
          "y1": 0.23440150650060176,
          "x2": 0.7862663742729425,
          "y2": 0.7888400730320215
        }
      }
    ],
    "apply_ext_default": true
  }
}