{
  "ImageFilterPipeline": {
    "filter_list": [
      {
        "name": "CutByCoordinatesFilter",
        "kwargs": {
          "x1": 0.21302010617136957,
          "y1": 0.22678889832377436,
          "x2": 0.7682258287918567,
          "y2": 0.7819946209442615
        }
      }
    ],
    "apply_ext_default": true
  }
}