{
  "ImageFilterPipeline": {
    "filter_list": [
      {
        "name": "CutByCoordinatesFilter",
        "kwargs": {
          "x1": 0.2250839096187353,
          "y1": 0.2329865318416357,
          "x2": 0.7704565304638147,
          "y2": 0.7783591526867151
        }
      }
    ],
    "apply_ext_default": true
  }
}