{
  "ImageFilterPipeline": {
    "filter_list": [
      {
        "name": "CutByCoordinatesFilter",
        "kwargs": {
          "x1": 0.23131159776812793,
          "y1": 0.2311777257359624,
          "x2": 0.7666081405245662,
          "y2": 0.7664742684924006
        }
      }
    ],
    "apply_ext_default": true
  }
}