{
  "ImageFilterPipeline": {
    "filter_list": [
      {
        "name": "CutByCoordinatesFilter",
        "kwargs": {
          "x1": 0.22694311935949324,
          "y1": 0.22382093865919112,
          "x2": 0.7727384726281166,
          "y2": 0.7696162919278144
        }
      }
    ],
    "apply_ext_default": true
  }
}