{
  "ImageFilterPipeline": {
    "filter_list": [
      {
        "name": "CutByCoordinatesFilter",
        "kwargs": {
          "x1": 0.23016021063649655,
          "y1": 0.23033464362943173,
          "x2": 0.7832730073658227,
          "y2": 0.7834474403587579
        }
      }
    ],
    "apply_ext_default": true
  }
}