{
  "ImageFilterPipeline": {
    "filter_list": [
      {
        "name": "CutByCoordinatesFilter",
        "kwargs": {
          "x1": 0.2572233199187517,
          "y1": 0.21673403373444078,
          "x2": 0.7975647927216292,
          "y2": 0.7570755065373183
        }
      }
    ],
    "apply_ext_default": true
  }
}