{
  "ImageFilterPipeline": {
    "filter_list": [
      {
        "name": "CutByCoordinatesFilter",
        "kwargs": {
          "x1": 0.23150441711419822,
          "y1": 0.24765363996499778,
          "x2": 0.7643351190758347,
          "y2": 0.7804843419266343
        }
      }
    ],
    "apply_ext_default": true
  }
}