{
  "ImageFilterPipeline": {
    "filter_list": [
      {
        "name": "CutByCoordinatesFilter",
        "kwargs": {
          "x1": 0.24188739298766854,
          "y1": 0.20844719051307442,
          "x2": 0.7950082397561669,
          "y2": 0.7615680372815727
        }
      }
    ],
    "apply_ext_default": true
  }
}