{
  "ImageFilterPipeline": {
    "filter_list": [
      {
        "name": "CutByCoordinatesFilter",
        "kwargs": {
          "x1": 0.2407211289845705,
          "y1": 0.2110863552533388,
          "x2": 0.7892134561098814,
          "y2": 0.7595786823786497
        }
      }
    ],
    "apply_ext_default": true
  }
}