{
  "ImageFilterPipeline": {
    "filter_list": [
      {
        "name": "CutByCoordinatesFilter",
        "kwargs": {
          "x1": 0.22006608850795029,
          "y1": 0.17615600235301254,
          "x2": 0.7766761004225612,
          "y2": 0.7327660142676234
        }
      }
    ],
    "apply_ext_default": true
  }
}