{
  "ImageFilterPipeline": {
    "filter_list": [
      {
        "name": "CutByCoordinatesFilter",
        "kwargs": {
          "x1": 0.27495656333982943,
          "y1": 0.25029129706442355,
          "x2": 0.8237884251016379,
          "y2": 0.799123158826232
        }
      }
    ],
    "apply_ext_default": true
  }
}