{
  "ImageFilterPipeline": {
    "filter_list": [
      {
        "name": "CutByCoordinatesFilter",
        "kwargs": {
          "x1": 0.1821005277991295,
          "y1": 0.25811799696683885,
          "x2": 0.7246900267243386,
          "y2": 0.8007074958920479
        }
      }
    ],
    "apply_ext_default": true
  }
}