{
  "ImageFilterPipeline": {
    "filter_list": [
      {
        "name": "CutByCoordinatesFilter",
        "kwargs": {
          "x1": 0.24695400059020517,
          "y1": 0.20758003651893137,
          "x2": 0.7990508908053637,
          "y2": 0.7596769267340899
        }
      }
    ],
    "apply_ext_default": true
  }
}