{
  "ImageFilterPipeline": {
    "filter_list": [
      {
        "name": "CutByCoordinatesFilter",
        "kwargs": {
          "x1": 0.27419525937759875,
          "y1": 0.23249808506691455,
          "x2": 0.8200124446896315,
          "y2": 0.7783152703789473
        }
      }
    ],
    "apply_ext_default": true
  }
}