{
  "ImageFilterPipeline": {
    "filter_list": [
      {
        "name": "CutByCoordinatesFilter",
        "kwargs": {
          "x1": 0.28092196206623316,
          "y1": 0.21165316919857263,
          "x2": 0.8238910772365928,
          "y2": 0.7546222843689323
        }
      }
    ],
    "apply_ext_default": true
  }
}