{
  "ImageFilterPipeline": {
    "filter_list": [
      {
        "name": "CutByCoordinatesFilter",
        "kwargs": {
          "x1": 0.24529100827825068,
          "y1": 0.25416026882779597,
          "x2": 0.7913865310703516,
          "y2": 0.8002557916198969
        }
      }
    ],
    "apply_ext_default": true
  }
}