{
  "ImageFilterPipeline": {
    "filter_list": [
      {
        "name": "CutByCoordinatesFilter",
        "kwargs": {
          "x1": 0.20018596340560912,
          "y1": 0.24799103428268432,
          "x2": 0.7355933101043701,
          "y2": 0.7833983809814453
        }
      }
    ],
    "apply_ext_default": true
  }
}