{
  "ImageFilterPipeline": {
    "filter_list": [
      {
        "name": "CutByCoordinatesFilter",
        "kwargs": {
          "x1": 0.22808202701938152,
          "y1": 0.2731870074881315,
          "x2": 0.7586354951249361,
          "y2": 0.8037404755936861
        }
      }
    ],
    "apply_ext_default": true
  }
}