{
  "ImageFilterPipeline": {
    "filter_list": [
      {
        "name": "CutByCoordinatesFilter",
        "kwargs": {
          "x1": 0.2295157992528677,
          "y1": 0.2225742125200033,
          "x2": 0.7639066493822336,
          "y2": 0.7569650626493692
        }
      }
    ],
    "apply_ext_default": true
  }
}