{
  "ImageFilterPipeline": {
    "filter_list": [
      {
        "name": "CutByCoordinatesFilter",
        "kwargs": {
          "x1": 0.2218583755404353,
          "y1": 0.2108727626711726,
          "x2": 0.7589491076558232,
          "y2": 0.7479634947865605
        }
      }
    ],
    "apply_ext_default": true
  }
}