{
  "ImageFilterPipeline": {
    "filter_list": [
      {
        "name": "CutByCoordinatesFilter",
        "kwargs": {
          "x1": 0.22839446198415758,
          "y1": 0.23589296471548082,
          "x2": 0.7817438708596229,
          "y2": 0.7892423735909462
        }
      }
    ],
    "apply_ext_default": true
  }
}