{
  "ImageFilterPipeline": {
    "filter_list": [
      {
        "name": "CutByCoordinatesFilter",
        "kwargs": {
          "x1": 0.21439034593880174,
          "y1": 0.22226465595543382,
          "x2": 0.7651559029740096,
          "y2": 0.7730302129906417
        }
      }
    ],
    "apply_ext_default": true
  }
}