{
  "ImageFilterPipeline": {
    "filter_list": [
      {
        "name": "CutByCoordinatesFilter",
        "kwargs": {
          "x1": 0.24438460309916732,
          "y1": 0.25208510597163436,
          "x2": 0.7979249791342616,
          "y2": 0.8056254820067287
        }
      }
    ],
    "apply_ext_default": true
  }
}