{
  "ImageFilterPipeline": {
    "filter_list": [
      {
        "name": "CutByCoordinatesFilter",
        "kwargs": {
          "x1": 0.23269152933317422,
          "y1": 0.2324695020313859,
          "x2": 0.7666712374095321,
          "y2": 0.7664492101077438
        }
      }
    ],
    "apply_ext_default": true
  }
}