{
  "ImageFilterPipeline": {
    "filter_list": [
      {
        "name": "CutByCoordinatesFilter",
        "kwargs": {
          "x1": 0.2536573818845749,
          "y1": 0.2546144536657333,
          "x2": 0.8087213226633072,
          "y2": 0.8096783944444657
        }
      }
    ],
    "apply_ext_default": true
  }
}