{
  "ImageFilterPipeline": {
    "filter_list": [
      {
        "name": "CutByCoordinatesFilter",
        "kwargs": {
          "x1": 0.20207292919379471,
          "y1": 0.18811060075980424,
          "x2": 0.7612501871086955,
          "y2": 0.747287858674705
        }
      }
    ],
    "apply_ext_default": true
  }
}