{
  "ImageFilterPipeline": {
    "filter_list": [
      {
        "name": "CutByCoordinatesFilter",
        "kwargs": {
          "x1": 0.17875756007707116,
          "y1": 0.2704824326661825,
          "x2": 0.7166779519888162,
          "y2": 0.8084028245779276
        }
      }
    ],
    "apply_ext_default": true
  }
}