{
  "ImageFilterPipeline": {
    "filter_list": [
      {
        "name": "CutByCoordinatesFilter",
        "kwargs": {
          "x1": 0.18481558683645727,
          "y1": 0.3040150118185282,
          "x2": 0.7158958899663687,
          "y2": 0.8350953149484396
        }
      }
    ],
    "apply_ext_default": true
  }
}