{
  "ImageFilterPipeline": {
    "filter_list": [
      {
        "name": "CutByCoordinatesFilter",
        "kwargs": {
          "x1": 0.21249722298812868,
          "y1": 0.18611292895507814,
          "x2": 0.7413795703964233,
          "y2": 0.7149952763633728
        }
      }
    ],
    "apply_ext_default": true
  }
}