{
  "ImageFilterPipeline": {
    "filter_list": [
      {
        "name": "CutByCoordinatesFilter",
        "kwargs": {
          "x1": 0.19484193837034702,
          "y1": 0.26196451699125767,
          "x2": 0.7362654038728476,
          "y2": 0.8033879824937582
        }
      }
    ],
    "apply_ext_default": true
  }
}