{
  "ImageFilterPipeline": {
    "filter_list": [
      {
        "name": "CutByCoordinatesFilter",
        "kwargs": {
          "x1": 0.23188348733687403,
          "y1": 0.23203449570441248,
          "x2": 0.7669443873236179,
          "y2": 0.7670953956911564
        }
      }
    ],
    "apply_ext_default": true
  }
}