{
  "ImageFilterPipeline": {
    "filter_list": [
      {
        "name": "CutByCoordinatesFilter",
        "kwargs": {
          "x1": 0.218233311545372,
          "y1": 0.259033465754509,
          "x2": 0.7703705783967971,
          "y2": 0.8111707326059341
        }
      }
    ],
    "apply_ext_default": true
  }
}