{
  "ImageFilterPipeline": {
    "filter_list": [
      {
        "name": "CutByCoordinatesFilter",
        "kwargs": {
          "x1": 0.26658228294062614,
          "y1": 0.20514944450068473,
          "x2": 0.8152090583641529,
          "y2": 0.7537762199242115
        }
      }
    ],
    "apply_ext_default": true
  }
}