{
  "ImageFilterPipeline": {
    "filter_list": [
      {
        "name": "CutByCoordinatesFilter",
        "kwargs": {
          "x1": 0.22552281417906284,
          "y1": 0.19672137298643588,
          "x2": 0.7801338454240561,
          "y2": 0.7513324042314291
        }
      }
    ],
    "apply_ext_default": true
  }
}