{
  "ImageFilterPipeline": {
    "filter_list": [
      {
        "name": "CutByCoordinatesFilter",
        "kwargs": {
          "x1": 0.19851846424895525,
          "y1": 0.19843394486266375,
          "x2": 0.7309429553334117,
          "y2": 0.7308584359471202
        }
      }
    ],
    "apply_ext_default": true
  }
}