{
  "ImageFilterPipeline": {
    "filter_list": [
      {
        "name": "CutByCoordinatesFilter",
        "kwargs": {
          "x1": 0.18788313579690458,
          "y1": 0.22903132152688505,
          "x2": 0.7132525472627878,
          "y2": 0.7544007329927682
        }
      }
    ],
    "apply_ext_default": true
  }
}