{
  "ImageFilterPipeline": {
    "filter_list": [
      {
        "name": "CutByCoordinatesFilter",
        "kwargs": {
          "x1": 0.18555396609485147,
          "y1": 0.19070547633349894,
          "x2": 0.7155032176476717,
          "y2": 0.7206547278863191
        }
      }
    ],
    "apply_ext_default": true
  }
}