{
  "ImageFilterPipeline": {
    "filter_list": [
      {
        "name": "CutByCoordinatesFilter",
        "kwargs": {
          "x1": 0.19516258987015483,
          "y1": 0.22973972114151714,
          "x2": 0.7532491728442312,
          "y2": 0.7878263041155935
        }
      }
    ],
    "apply_ext_default": true
  }
}