{
  "ImageFilterPipeline": {
    "filter_list": [
      {
        "name": "CutByCoordinatesFilter",
        "kwargs": {
          "x1": 0.26737699320918323,
          "y1": 0.22561535647517444,
          "x2": 0.8191748518645168,
          "y2": 0.777413215130508
        }
      }
    ],
    "apply_ext_default": true
  }
}