{
  "ImageFilterPipeline": {
    "filter_list": [
      {
        "name": "CutByCoordinatesFilter",
        "kwargs": {
          "x1": 0.22272682015514372,
          "y1": 0.21895739261722563,
          "x2": 0.7791610377588272,
          "y2": 0.7753916102209091
        }
      }
    ],
    "apply_ext_default": true
  }
}