{
  "ImageFilterPipeline": {
    "filter_list": [
      {
        "name": "CutByCoordinatesFilter",
        "kwargs": {
          "x1": 0.24692791164481637,
          "y1": 0.22494035423362252,
          "x2": 0.7934708648864031,
          "y2": 0.7714833074752092
        }
      }
    ],
    "apply_ext_default": true
  }
}