{
  "ImageFilterPipeline": {
    "filter_list": [
      {
        "name": "CutByCoordinatesFilter",
        "kwargs": {
          "x1": 0.2593582662332058,
          "y1": 0.23854658925414085,
          "x2": 0.8050050941717625,
          "y2": 0.7841934171926975
        }
      }
    ],
    "apply_ext_default": true
  }
}