{
  "ImageFilterPipeline": {
    "filter_list": [
      {
        "name": "CutByCoordinatesFilter",
        "kwargs": {
          "x1": 0.19826518530607223,
          "y1": 0.26233877773046493,
          "x2": 0.7471126413846017,
          "y2": 0.8111862338089944
        }
      }
    ],
    "apply_ext_default": true
  }
}