{
  "ImageFilterPipeline": {
    "filter_list": [
      {
        "name": "CutByCoordinatesFilter",
        "kwargs": {
          "x1": 0.2555539001392722,
          "y1": 0.19732862605327367,
          "x2": 0.7970752726626993,
          "y2": 0.7388499985767008
        }
      }
    ],
    "apply_ext_default": true
  }
}