{
  "ImageFilterPipeline": {
    "filter_list": [
      {
        "name": "CutByCoordinatesFilter",
        "kwargs": {
          "x1": 0.23464338634371756,
          "y1": 0.223382817248106,
          "x2": 0.7741974725925922,
          "y2": 0.7629369034969806
        }
      }
    ],
    "apply_ext_default": true
  }
}