{
  "ImageFilterPipeline": {
    "filter_list": [
      {
        "name": "CutByCoordinatesFilter",
        "kwargs": {
          "x1": 0.294711279137969,
          "y1": 0.21178738997781277,
          "x2": 0.842607987658143,
          "y2": 0.7596840984979868
        }
      }
    ],
    "apply_ext_default": true
  }
}