{
  "ImageFilterPipeline": {
    "filter_list": [
      {
        "name": "CutByCoordinatesFilter",
        "kwargs": {
          "x1": 0.18675264145696163,
          "y1": 0.16322472121083736,
          "x2": 0.739980077487588,
          "y2": 0.7164521572414637
        }
      }
    ],
    "apply_ext_default": true
  }
}