{
  "ImageFilterPipeline": {
    "filter_list": [
      {
        "name": "CutByCoordinatesFilter",
        "kwargs": {
          "x1": 0.2527681574720144,
          "y1": 0.24829849456727504,
          "x2": 0.8029900207620859,
          "y2": 0.7985203578573465
        }
      }
    ],
    "apply_ext_default": true
  }
}