{
  "ImageFilterPipeline": {
    "filter_list": [
      {
        "name": "CutByCoordinatesFilter",
        "kwargs": {
          "x1": 0.22341576684629916,
          "y1": 0.25057521928465365,
          "x2": 0.7728262199052572,
          "y2": 0.7999856723436117
        }
      }
    ],
    "apply_ext_default": true
  }
}