{
  "ImageFilterPipeline": {
    "filter_list": [
      {
        "name": "CutByCoordinatesFilter",
        "kwargs": {
          "x1": 0.24622229120826722,
          "y1": 0.20179790637588502,
          "x2": 0.8028689286937714,
          "y2": 0.7584445438613892
        }
      }
    ],
    "apply_ext_default": true
  }
}