{
  "ImageFilterPipeline": {
    "filter_list": [
      {
        "name": "CutByCoordinatesFilter",
        "kwargs": {
          "x1": 0.21812120464187862,
          "y1": 0.25272709515434505,
          "x2": 0.7602062484945655,
          "y2": 0.794812139007032
        }
      }
    ],
    "apply_ext_default": true
  }
}