{
  "ImageFilterPipeline": {
    "filter_list": [
      {
        "name": "CutByCoordinatesFilter",
        "kwargs": {
          "x1": 0.16676554152941703,
          "y1": 0.25018450686907767,
          "x2": 0.708590834641695,
          "y2": 0.7920097999813557
        }
      }
    ],
    "apply_ext_default": true
  }
}