{
  "ImageFilterPipeline": {
    "filter_list": [
      {
        "name": "CutByCoordinatesFilter",
        "kwargs": {
          "x1": 0.18092820575642587,
          "y1": 0.24373588493275644,
          "x2": 0.7152840740401745,
          "y2": 0.778091753216505
        }
      }
    ],
    "apply_ext_default": true
  }
}