{
  "ImageFilterPipeline": {
    "filter_list": [
      {
        "name": "CutByCoordinatesFilter",
        "kwargs": {
          "x1": 0.21895118504381178,
          "y1": 0.1814014509282112,
          "x2": 0.7559388682284356,
          "y2": 0.718389134112835
        }
      }
    ],
    "apply_ext_default": true
  }
}