{
  "ImageFilterPipeline": {
    "filter_list": [
      {
        "name": "CutByCoordinatesFilter",
        "kwargs": {
          "x1": 0.23153240076881648,
          "y1": 0.23173040739876033,
          "x2": 0.7630773723902107,
          "y2": 0.7632753790201545
        }
      }
    ],
    "apply_ext_default": true
  }
}