{
  "ImageFilterPipeline": {
    "filter_list": [
      {
        "name": "CutByCoordinatesFilter",
        "kwargs": {
          "x1": 0.2311335729930401,
          "y1": 0.25906866067385675,
          "x2": 0.7646508885052203,
          "y2": 0.792585976186037
        }
      }
    ],
    "apply_ext_default": true
  }
}