{
  "ImageFilterPipeline": {
    "filter_list": [
      {
        "name": "CutByCoordinatesFilter",
        "kwargs": {
          "x1": 0.18753518661391733,
          "y1": 0.2691489656819105,
          "x2": 0.7355037132846117,
          "y2": 0.8171174923526049
        }
      }
    ],
    "apply_ext_default": true
  }
}