{
  "ImageFilterPipeline": {
    "filter_list": [
      {
        "name": "CutByCoordinatesFilter",
        "kwargs": {
          "x1": 0.2326453479499221,
          "y1": 0.22939147078698874,
          "x2": 0.759464904430449,
          "y2": 0.7562110272675157
        }
      }
    ],
    "apply_ext_default": true
  }
}