{
  "ImageFilterPipeline": {
    "filter_list": [
      {
        "name": "CutByCoordinatesFilter",
        "kwargs": {
          "x1": 0.170671577239573,
          "y1": 0.1866416881328225,
          "x2": 0.7418554475063681,
          "y2": 0.7578255583996176
        }
      }
    ],
    "apply_ext_default": true
  }
}