{
  "ImageFilterPipeline": {
    "filter_list": [
      {
        "name": "CutByCoordinatesFilter",
        "kwargs": {
          "x1": 0.22033707547211645,
          "y1": 0.18070448684716223,
          "x2": 0.7552277023789883,
          "y2": 0.7155951137540341
        }
      }
    ],
    "apply_ext_default": true
  }
}