{
  "ImageFilterPipeline": {
    "filter_list": [
      {
        "name": "CutByCoordinatesFilter",
        "kwargs": {
          "x1": 0.23678139008069038,
          "y1": 0.21080976880574226,
          "x2": 0.7750134154460431,
          "y2": 0.749041794171095
        }
      }
    ],
    "apply_ext_default": true
  }
}