{
  "ImageFilterPipeline": {
    "filter_list": [
      {
        "name": "CutByCoordinatesFilter",
        "kwargs": {
          "x1": 0.23609649936532973,
          "y1": 0.24765845934724806,
          "x2": 0.7755320688071251,
          "y2": 0.7870940287890434
        }
      }
    ],
    "apply_ext_default": true
  }
}