{
  "ImageFilterPipeline": {
    "filter_list": [
      {
        "name": "CutByCoordinatesFilter",
        "kwargs": {
          "x1": 0.24605635248684882,
          "y1": 0.22526362978482245,
          "x2": 0.7806401506755352,
          "y2": 0.7598474279735088
        }
      }
    ],
    "apply_ext_default": true
  }
}