{
  "ImageFilterPipeline": {
    "filter_list": [
      {
        "name": "CutByCoordinatesFilter",
        "kwargs": {
          "x1": 0.24353211786687373,
          "y1": 0.22424283292233943,
          "x2": 0.7829003367191554,
          "y2": 0.7636110517746211
        }
      }
    ],
    "apply_ext_default": true
  }
}