{
  "ImageFilterPipeline": {
    "filter_list": [
      {
        "name": "CutByCoordinatesFilter",
        "kwargs": {
          "x1": 0.22336940922361614,
          "y1": 0.24211760320287945,
          "x2": 0.758375476221025,
          "y2": 0.7771236702002883
        }
      }
    ],
    "apply_ext_default": true
  }
}