{
  "ImageFilterPipeline": {
    "filter_list": [
      {
        "name": "CutByCoordinatesFilter",
        "kwargs": {
          "x1": 0.22248135141432285,
          "y1": 0.22642485431730747,
          "x2": 0.775150258025527,
          "y2": 0.7790937609285116
        }
      }
    ],
    "apply_ext_default": true
  }
}