{
  "ImageFilterPipeline": {
    "filter_list": [
      {
        "name": "CutByCoordinatesFilter",
        "kwargs": {
          "x1": 0.20392223888754846,
          "y1": 0.21761813455939294,
          "x2": 0.7603721351015568,
          "y2": 0.7740680307734012
        }
      }
    ],
    "apply_ext_default": true
  }
}