{
  "ImageFilterPipeline": {
    "filter_list": [
      {
        "name": "CutByCoordinatesFilter",
        "kwargs": {
          "x1": 0.2294819016934037,
          "y1": 0.20637392597204446,
          "x2": 0.7832564453601241,
          "y2": 0.7601484696387648
        }
      }
    ],
    "apply_ext_default": true
  }
}