{
  "ImageFilterPipeline": {
    "filter_list": [
      {
        "name": "CutByCoordinatesFilter",
        "kwargs": {
          "x1": 0.22831115593117474,
          "y1": 0.20634261240166424,
          "x2": 0.7776972902854085,
          "y2": 0.755728746755898
        }
      }
    ],
    "apply_ext_default": true
  }
}