{
  "ImageFilterPipeline": {
    "filter_list": [
      {
        "name": "CutByCoordinatesFilter",
        "kwargs": {
          "x1": 0.26417704315376284,
          "y1": 0.23924769849967958,
          "x2": 0.8170864394168853,
          "y2": 0.792157094762802
        }
      }
    ],
    "apply_ext_default": true
  }
}