{
  "ImageFilterPipeline": {
    "filter_list": [
      {
        "name": "CutByCoordinatesFilter",
        "kwargs": {
          "x1": 0.22724974369353057,
          "y1": 0.24031067108458282,
          "x2": 0.7708867170875668,
          "y2": 0.7839476444786191
        }
      }
    ],
    "apply_ext_default": true
  }
}