{
  "ImageFilterPipeline": {
    "filter_list": [
      {
        "name": "CutByCoordinatesFilter",
        "kwargs": {
          "x1": 0.22886625089979173,
          "y1": 0.20049497642850878,
          "x2": 0.7620674653973579,
          "y2": 0.733696190926075
        }
      }
    ],
    "apply_ext_default": true
  }
}