{
  "ImageFilterPipeline": {
    "filter_list": [
      {
        "name": "CutByCoordinatesFilter",
        "kwargs": {
          "x1": 0.24062657300376894,
          "y1": 0.22654294911766054,
          "x2": 0.7760002022609711,
          "y2": 0.7619165783748627
        }
      }
    ],
    "apply_ext_default": true
  }
}