{
  "ImageFilterPipeline": {
    "filter_list": [
      {
        "name": "CutByCoordinatesFilter",
        "kwargs": {
          "x1": 0.194987859326005,
          "y1": 0.2004107793146372,
          "x2": 0.7220787147706746,
          "y2": 0.7275016347593068
        }
      }
    ],
    "apply_ext_default": true
  }
}