{
  "ImageFilterPipeline": {
    "filter_list": [
      {
        "name": "CutByCoordinatesFilter",
        "kwargs": {
          "x1": 0.2641408501492143,
          "y1": 0.18596646770101788,
          "x2": 0.8187165202273726,
          "y2": 0.7405421377791762
        }
      }
    ],
    "apply_ext_default": true
  }
}