{
  "ImageFilterPipeline": {
    "filter_list": [
      {
        "name": "CutByCoordinatesFilter",
        "kwargs": {
          "x1": 0.24495634190040827,
          "y1": 0.24686005464988947,
          "x2": 0.8037234271387458,
          "y2": 0.805627139888227
        }
      }
    ],
    "apply_ext_default": true
  }
}