{
  "ImageFilterPipeline": {
    "filter_list": [
      {
        "name": "CutByCoordinatesFilter",
        "kwargs": {
          "x1": 0.24260790970748664,
          "y1": 0.21368371274894477,
          "x2": 0.7979675945954918,
          "y2": 0.76904339763695
        }
      }
    ],
    "apply_ext_default": true
  }
}