{
  "ImageFilterPipeline": {
    "filter_list": [
      {
        "name": "CutByCoordinatesFilter",
        "kwargs": {
          "x1": 0.22942245973587033,
          "y1": 0.2533919013881683,
          "x2": 0.776231696472168,
          "y2": 0.800201138124466
        }
      }
    ],
    "apply_ext_default": true
  }
}