{
  "ImageFilterPipeline": {
    "filter_list": [
      {
        "name": "CutByCoordinatesFilter",
        "kwargs": {
          "x1": 0.16015513395535946,
          "y1": 0.22751815771329403,
          "x2": 0.703025920636773,
          "y2": 0.7703889443947076
        }
      }
    ],
    "apply_ext_default": true
  }
}