{
  "ImageFilterPipeline": {
    "filter_list": [
      {
        "name": "CutByCoordinatesFilter",
        "kwargs": {
          "x1": 0.23845547844958304,
          "y1": 0.23802593757700918,
          "x2": 0.7819787819187641,
          "y2": 0.7815492410461903
        }
      }
    ],
    "apply_ext_default": true
  }
}