{
  "ImageFilterPipeline": {
    "filter_list": [
      {
        "name": "CutByCoordinatesFilter",
        "kwargs": {
          "x1": 0.23990748859483002,
          "y1": 0.22978742457467316,
          "x2": 0.7866130020515323,
          "y2": 0.7764929380313754
        }
      }
    ],
    "apply_ext_default": true
  }
}