{
  "ImageFilterPipeline": {
    "filter_list": [
      {
        "name": "CutByCoordinatesFilter",
        "kwargs": {
          "x1": 0.24943725709831716,
          "y1": 0.24683694486534596,
          "x2": 0.7952989494332074,
          "y2": 0.7926986372002363
        }
      }
    ],
    "apply_ext_default": true
  }
}