{
  "ImageFilterPipeline": {
    "filter_list": [
      {
        "name": "CutByCoordinatesFilter",
        "kwargs": {
          "x1": 0.2313408718329668,
          "y1": 0.22573308803856373,
          "x2": 0.784210397221446,
          "y2": 0.778602613427043
        }
      }
    ],
    "apply_ext_default": true
  }
}