{
  "ImageFilterPipeline": {
    "filter_list": [
      {
        "name": "CutByCoordinatesFilter",
        "kwargs": {
          "x1": 0.2317195643184185,
          "y1": 0.26420442354655266,
          "x2": 0.787166703820467,
          "y2": 0.8196515630486012
        }
      }
    ],
    "apply_ext_default": true
  }
}