{
  "ImageFilterPipeline": {
    "filter_list": [
      {
        "name": "CutByCoordinatesFilter",
        "kwargs": {
          "x1": 0.25611620355850456,
          "y1": 0.2154495339513421,
          "x2": 0.8022284586309791,
          "y2": 0.7615617890238167
        }
      }
    ],
    "apply_ext_default": true
  }
}