{
  "ImageFilterPipeline": {
    "filter_list": [
      {
        "name": "CutByCoordinatesFilter",
        "kwargs": {
          "x1": 0.25894967924821377,
          "y1": 0.268428516499877,
          "x2": 0.8042649804426432,
          "y2": 0.8137438176943064
        }
      }
    ],
    "apply_ext_default": true
  }
}