{
  "ImageFilterPipeline": {
    "filter_list": [
      {
        "name": "CutByCoordinatesFilter",
        "kwargs": {
          "x1": 0.23311175877326729,
          "y1": 0.1977260904955268,
          "x2": 0.789148489887774,
          "y2": 0.7537628216100335
        }
      }
    ],
    "apply_ext_default": true
  }
}