{
  "ImageFilterPipeline": {
    "filter_list": [
      {
        "name": "CutByCoordinatesFilter",
        "kwargs": {
          "x1": 0.19254217919969557,
          "y1": 0.21767894801759718,
          "x2": 0.7529661816630364,
          "y2": 0.778102950480938
        }
      }
    ],
    "apply_ext_default": true
  }
}