{
  "ImageFilterPipeline": {
    "filter_list": [
      {
        "name": "CutByCoordinatesFilter",
        "kwargs": {
          "x1": 0.22113834784919023,
          "y1": 0.21326457427436113,
          "x2": 0.7762735588700176,
          "y2": 0.7683997852951885
        }
      }
    ],
    "apply_ext_default": true
  }
}