{
  "ImageFilterPipeline": {
    "filter_list": [
      {
        "name": "CutByCoordinatesFilter",
        "kwargs": {
          "x1": 0.23201831146919727,
          "y1": 0.24589802786552906,
          "x2": 0.7822929425553083,
          "y2": 0.7961726589516401
        }
      }
    ],
    "apply_ext_default": true
  }
}