{
  "ImageFilterPipeline": {
    "filter_list": [
      {
        "name": "CutByCoordinatesFilter",
        "kwargs": {
          "x1": 0.28904240398877856,
          "y1": 0.23354791670316455,
          "x2": 0.8312296959829927,
          "y2": 0.7757352086973787
        }
      }
    ],
    "apply_ext_default": true
  }
}