{
  "ImageFilterPipeline": {
    "filter_list": [
      {
        "name": "CutByCoordinatesFilter",
        "kwargs": {
          "x1": 0.19588490185636281,
          "y1": 0.26858492550748586,
          "x2": 0.733319383288443,
          "y2": 0.8060194069395661
        }
      }
    ],
    "apply_ext_default": true
  }
}