{
  "ImageFilterPipeline": {
    "filter_list": [
      {
        "name": "CutByCoordinatesFilter",
        "kwargs": {
          "x1": 0.26343940441155433,
          "y1": 0.2378512496187687,
          "x2": 0.8021131282613277,
          "y2": 0.7765249734685421
        }
      }
    ],
    "apply_ext_default": true
  }
}