{
  "ImageFilterPipeline": {
    "filter_list": [
      {
        "name": "CutByCoordinatesFilter",
        "kwargs": {
          "x1": 0.25410648284125326,
          "y1": 0.19938697514700887,
          "x2": 0.7862825185282231,
          "y2": 0.7315630108339787
        }
      }
    ],
    "apply_ext_default": true
  }
}