{
  "ImageFilterPipeline": {
    "filter_list": [
      {
        "name": "CutByCoordinatesFilter",
        "kwargs": {
          "x1": 0.20012476715672017,
          "y1": 0.275462892385602,
          "x2": 0.7347255083597899,
          "y2": 0.8100636335886717
        }
      }
    ],
    "apply_ext_default": true
  }
}