{
  "ImageFilterPipeline": {
    "filter_list": [
      {
        "name": "CutByCoordinatesFilter",
        "kwargs": {
          "x1": 0.14300551565766334,
          "y1": 0.2020813182222843,
          "x2": 0.6636255725991727,
          "y2": 0.7227013751637936
        }
      }
    ],
    "apply_ext_default": true
  }
}