{
  "ImageFilterPipeline": {
    "filter_list": [
      {
        "name": "CutByCoordinatesFilter",
        "kwargs": {
          "x1": 0.21304336221086978,
          "y1": 0.22020083696711062,
          "x2": 0.7703241404784917,
          "y2": 0.7774816152347326
        }
      }
    ],
    "apply_ext_default": true
  }
}