{
  "ImageFilterPipeline": {
    "filter_list": [
      {
        "name": "CutByCoordinatesFilter",
        "kwargs": {
          "x1": 0.1725742043913603,
          "y1": 0.20865402836215496,
          "x2": 0.743278401905179,
          "y2": 0.7793582258759737
        }
      }
    ],
    "apply_ext_default": true
  }
}