{
  "ImageFilterPipeline": {
    "filter_list": [
      {
        "name": "CutByCoordinatesFilter",
        "kwargs": {
          "x1": 0.201104181181252,
          "y1": 0.14043174899703265,
          "x2": 0.7538899608742595,
          "y2": 0.6932175286900402
        }
      }
    ],
    "apply_ext_default": true
  }
}