{
  "ImageFilterPipeline": {
    "filter_list": [
      {
        "name": "CutByCoordinatesFilter",
        "kwargs": {
          "x1": 0.23714266704672576,
          "y1": 0.25469760583990814,
          "x2": 0.7756775171840786,
          "y2": 0.793232455977261
        }
      }
    ],
    "apply_ext_default": true
  }
}