{
  "ImageFilterPipeline": {
    "filter_list": [
      {
        "name": "CutByCoordinatesFilter",
        "kwargs": {
          "x1": 0.23776335913324353,
          "y1": 0.21331758696222303,
          "x2": 0.7929679016432762,
          "y2": 0.7685221294722557
        }
      }
    ],
    "apply_ext_default": true
  }
}