{
  "ImageFilterPipeline": {
    "filter_list": [
      {
        "name": "CutByCoordinatesFilter",
        "kwargs": {
          "x1": 0.22588805888128283,
          "y1": 0.12858520482015612,
          "x2": 0.7579145577149391,
          "y2": 0.6606117036538124
        }
      }
    ],
    "apply_ext_default": true
  }
}