{
  "ImageFilterPipeline": {
    "filter_list": [
      {
        "name": "CutByCoordinatesFilter",
        "kwargs": {
          "x1": 0.26398534598267076,
          "y1": 0.2706204456321001,
          "x2": 0.8088692325123549,
          "y2": 0.8155043321617842
        }
      }
    ],
    "apply_ext_default": true
  }
}