{
  "ImageFilterPipeline": {
    "filter_list": [
      {
        "name": "CutByCoordinatesFilter",
        "kwargs": {
          "x1": 0.29716041192126275,
          "y1": 0.14316328867983819,
          "x2": 0.8230225195019245,
          "y2": 0.6690253962605
        }
      }
    ],
    "apply_ext_default": true
  }
}