{
  "ImageFilterPipeline": {
    "filter_list": [
      {
        "name": "CutByCoordinatesFilter",
        "kwargs": {
          "x1": 0.21724799537205697,
          "y1": 0.23961136006855965,
          "x2": 0.7540504012153149,
          "y2": 0.7764137659118175
        }
      }
    ],
    "apply_ext_default": true
  }
}