{
  "ImageFilterPipeline": {
    "filter_list": [
      {
        "name": "CutByCoordinatesFilter",
        "kwargs": {
          "x1": 0.24480008429014682,
          "y1": 0.19041525667631626,
          "x2": 0.7986504500535727,
          "y2": 0.7442656224397421
        }
      }
    ],
    "apply_ext_default": true
  }
}