{
  "ImageFilterPipeline": {
    "filter_list": [
      {
        "name": "CutByCoordinatesFilter",
        "kwargs": {
          "x1": 0.23557273252534866,
          "y1": 0.19799477561044693,
          "x2": 0.7904144753642082,
          "y2": 0.7528365184493064
        }
      }
    ],
    "apply_ext_default": true
  }
}