{
  "ImageFilterPipeline": {
    "filter_list": [
      {
        "name": "CutByCoordinatesFilter",
        "kwargs": {
          "x1": 0.24554542361092568,
          "y1": 0.2459275489885807,
          "x2": 0.7813221448819637,
          "y2": 0.7817042702596187
        }
      }
    ],
    "apply_ext_default": true
  }
}