{
  "ImageFilterPipeline": {
    "filter_list": [
      {
        "name": "CutByCoordinatesFilter",
        "kwargs": {
          "x1": 0.21861148682546616,
          "y1": 0.2545100530714989,
          "x2": 0.7482373038201332,
          "y2": 0.7841358700661659
        }
      }
    ],
    "apply_ext_default": true
  }
}