{
  "ImageFilterPipeline": {
    "filter_list": [
      {
        "name": "CutByCoordinatesFilter",
        "kwargs": {
          "x1": 0.20359852335178852,
          "y1": 0.17739232799732685,
          "x2": 0.7349340675143003,
          "y2": 0.7087278721598387
        }
      }
    ],
    "apply_ext_default": true
  }
}