{
  "ImageFilterPipeline": {
    "filter_list": [
      {
        "name": "CutByCoordinatesFilter",
        "kwargs": {
          "x1": 0.17998869611430168,
          "y1": 0.24138267232584953,
          "x2": 0.7099360089142323,
          "y2": 0.7713299851257801
        }
      }
    ],
    "apply_ext_default": true
  }
}