{
  "ImageFilterPipeline": {
    "filter_list": [
      {
        "name": "CutByCoordinatesFilter",
        "kwargs": {
          "x1": 0.22888323726028204,
          "y1": 0.24631899656623601,
          "x2": 0.7591315203729272,
          "y2": 0.7765672796788812
        }
      }
    ],
    "apply_ext_default": true
  }
}