{
  "ImageFilterPipeline": {
    "filter_list": [
      {
        "name": "CutByCoordinatesFilter",
        "kwargs": {
          "x1": 0.17224884056472778,
          "y1": 0.2118400337638855,
          "x2": 0.7109200356063843,
          "y2": 0.750511228805542
        }
      }
    ],
    "apply_ext_default": true
  }
}