{
  "ImageFilterPipeline": {
    "filter_list": [
      {
        "name": "CutByCoordinatesFilter",
        "kwargs": {
          "x1": 0.19609642744153738,
          "y1": 0.20106364011853933,
          "x2": 0.7571439075461031,
          "y2": 0.762111120223105
        }
      }
    ],
    "apply_ext_default": true
  }
}