{
  "ImageFilterPipeline": {
    "filter_list": [
      {
        "name": "CutByCoordinatesFilter",
        "kwargs": {
          "x1": 0.26322547232735155,
          "y1": 0.17153606450188158,
          "x2": 0.7975396152771712,
          "y2": 0.7058502074517012
        }
      }
    ],
    "apply_ext_default": true
  }
}