{
  "ImageFilterPipeline": {
    "filter_list": [
      {
        "name": "CutByCoordinatesFilter",
        "kwargs": {
          "x1": 0.14304834880751371,
          "y1": 0.2452595261566043,
          "x2": 0.7033066721923947,
          "y2": 0.8055178495414853
        }
      }
    ],
    "apply_ext_default": true
  }
}