{
  "ImageFilterPipeline": {
    "filter_list": [
      {
        "name": "CutByCoordinatesFilter",
        "kwargs": {
          "x1": 0.1403964698266983,
          "y1": 0.20184176563739775,
          "x2": 0.6738637149381638,
          "y2": 0.7353090107488632
        }
      }
    ],
    "apply_ext_default": true
  }
}