{
  "ImageFilterPipeline": {
    "filter_list": [
      {
        "name": "CutByCoordinatesFilter",
        "kwargs": {
          "x1": 0.23432561945283414,
          "y1": 0.2742581684526205,
          "x2": 0.766934839970231,
          "y2": 0.8068673889700174
        }
      }
    ],
    "apply_ext_default": true
  }
}