{
  "ImageFilterPipeline": {
    "filter_list": [
      {
        "name": "CutByCoordinatesFilter",
        "kwargs": {
          "x1": 0.14020180512273311,
          "y1": 0.18781184960210323,
          "x2": 0.6734820027271509,
          "y2": 0.721092047206521
        }
      }
    ],
    "apply_ext_default": true
  }
}