{
  "ImageFilterPipeline": {
    "filter_list": [
      {
        "name": "CutByCoordinatesFilter",
        "kwargs": {
          "x1": 0.24920748762851952,
          "y1": 0.22691219143635033,
          "x2": 0.8011562318348289,
          "y2": 0.7788609356426597
        }
      }
    ],
    "apply_ext_default": true
  }
}