{
  "ImageFilterPipeline": {
    "filter_list": [
      {
        "name": "CutByCoordinatesFilter",
        "kwargs": {
          "x1": 0.22357732938528063,
          "y1": 0.22026766227483752,
          "x2": 0.7726405770897865,
          "y2": 0.7693309099793434
        }
      }
    ],
    "apply_ext_default": true
  }
}