{
  "ImageFilterPipeline": {
    "filter_list": [
      {
        "name": "CutByCoordinatesFilter",
        "kwargs": {
          "x1": 0.23875593548494578,
          "y1": 0.23956637983995677,
          "x2": 0.7969009339265227,
          "y2": 0.7977113782815337
        }
      }
    ],
    "apply_ext_default": true
  }
}