{
  "ImageFilterPipeline": {
    "filter_list": [
      {
        "name": "CutByCoordinatesFilter",
        "kwargs": {
          "x1": 0.23932219617122413,
          "y1": 0.24631966225856544,
          "x2": 0.7902777088428139,
          "y2": 0.7972751749301552
        }
      }
    ],
    "apply_ext_default": true
  }
}