{
  "ImageFilterPipeline": {
    "filter_list": [
      {
        "name": "CutByCoordinatesFilter",
        "kwargs": {
          "x1": 0.22548436726963522,
          "y1": 0.1926773151341677,
          "x2": 0.7564328352030516,
          "y2": 0.7236257830675841
        }
      }
    ],
    "apply_ext_default": true
  }
}