{
  "ImageFilterPipeline": {
    "filter_list": [
      {
        "name": "CutByCoordinatesFilter",
        "kwargs": {
          "x1": 0.23428381369185447,
          "y1": 0.22597599909377097,
          "x2": 0.7886068136923313,
          "y2": 0.7802989990942478
        }
      }
    ],
    "apply_ext_default": true
  }
}