{
  "ImageFilterPipeline": {
    "filter_list": [
      {
        "name": "CutByCoordinatesFilter",
        "kwargs": {
          "x1": 0.24135551283776757,
          "y1": 0.25090632269799706,
          "x2": 0.795063759585023,
          "y2": 0.8046145694452524
        }
      }
    ],
    "apply_ext_default": true
  }
}