{
  "ImageFilterPipeline": {
    "filter_list": [
      {
        "name": "CutByCoordinatesFilter",
        "kwargs": {
          "x1": 0.22875962205755712,
          "y1": 0.31823704191076757,
          "x2": 0.7617334967054128,
          "y2": 0.8512109165586232
        }
      }
    ],
    "apply_ext_default": true
  }
}