{
  "ImageFilterPipeline": {
    "filter_list": [
      {
        "name": "CutByCoordinatesFilter",
        "kwargs": {
          "x1": 0.19986514650177956,
          "y1": 0.18398632012200355,
          "x2": 0.7605927745263577,
          "y2": 0.7447139481465817
        }
      }
    ],
    "apply_ext_default": true
  }
}