{
  "ImageFilterPipeline": {
    "filter_list": [
      {
        "name": "CutByCoordinatesFilter",
        "kwargs": {
          "x1": 0.23958533616507055,
          "y1": 0.2650729975267649,
          "x2": 0.7775278130010366,
          "y2": 0.8030154743627309
        }
      }
    ],
    "apply_ext_default": true
  }
}