{
  "ImageFilterPipeline": {
    "filter_list": [
      {
        "name": "CutByCoordinatesFilter",
        "kwargs": {
          "x1": 0.15482306523406503,
          "y1": 0.21737754387938973,
          "x2": 0.6914598341456653,
          "y2": 0.75401431279099
        }
      }
    ],
    "apply_ext_default": true
  }
}