{
  "ImageFilterPipeline": {
    "filter_list": [
      {
        "name": "CutByCoordinatesFilter",
        "kwargs": {
          "x1": 0.24300651486796138,
          "y1": 0.19711761411112544,
          "x2": 0.7820936566980481,
          "y2": 0.7362047559412122
        }
      }
    ],
    "apply_ext_default": true
  }
}