{
  "ImageFilterPipeline": {
    "filter_list": [
      {
        "name": "CutByCoordinatesFilter",
        "kwargs": {
          "x1": 0.23940892698520422,
          "y1": 0.19185345055812597,
          "x2": 0.7757310700202584,
          "y2": 0.7281755935931802
        }
      }
    ],
    "apply_ext_default": true
  }
}