{
  "ImageFilterPipeline": {
    "filter_list": [
      {
        "name": "CutByCoordinatesFilter",
        "kwargs": {
          "x1": 0.26525010526752474,
          "y1": 0.20726903141117098,
          "x2": 0.7955061012449265,
          "y2": 0.7375250273885727
        }
      }
    ],
    "apply_ext_default": true
  }
}