{
  "ImageFilterPipeline": {
    "filter_list": [
      {
        "name": "CutByCoordinatesFilter",
        "kwargs": {
          "x1": 0.24235562917780873,
          "y1": 0.24539427396845814,
          "x2": 0.7963987744133473,
          "y2": 0.7994374192039967
        }
      }
    ],
    "apply_ext_default": true
  }
}