{
  "ImageFilterPipeline": {
    "filter_list": [
      {
        "name": "CutByCoordinatesFilter",
        "kwargs": {
          "x1": 0.22628108776974676,
          "y1": 0.22925881661343572,
          "x2": 0.7651078888041973,
          "y2": 0.7680856176478863
        }
      }
    ],
    "apply_ext_default": true
  }
}