{
  "ImageFilterPipeline": {
    "filter_list": [
      {
        "name": "CutByCoordinatesFilter",
        "kwargs": {
          "x1": 0.22589885452163216,
          "y1": 0.23020254829299447,
          "x2": 0.7502786590777636,
          "y2": 0.7545823528491259
        }
      }
    ],
    "apply_ext_default": true
  }
}