{
  "ImageFilterPipeline": {
    "filter_list": [
      {
        "name": "CutByCoordinatesFilter",
        "kwargs": {
          "x1": 0.23172588822817802,
          "y1": 0.22173325893855095,
          "x2": 0.7669762802364826,
          "y2": 0.7569836509468555
        }
      }
    ],
    "apply_ext_default": true
  }
}