{
  "ImageFilterPipeline": {
    "filter_list": [
      {
        "name": "CutByCoordinatesFilter",
        "kwargs": {
          "x1": 0.20006149592363837,
          "y1": 0.23340341033899786,
          "x2": 0.7548188608649968,
          "y2": 0.7881607752803563
        }
      }
    ],
    "apply_ext_default": true
  }
}