{
  "ImageFilterPipeline": {
    "filter_list": [
      {
        "name": "CutByCoordinatesFilter",
        "kwargs": {
          "x1": 0.24434015037995577,
          "y1": 0.1778277147052884,
          "x2": 0.7999551605941653,
          "y2": 0.7334427249194979
        }
      }
    ],
    "apply_ext_default": true
  }
}