{
  "ImageFilterPipeline": {
    "filter_list": [
      {
        "name": "CutByCoordinatesFilter",
        "kwargs": {
          "x1": 0.24452780395144225,
          "y1": 0.2628811171590686,
          "x2": 0.7932756671369672,
          "y2": 0.8116289803445935
        }
      }
    ],
    "apply_ext_default": true
  }
}