{
  "ImageFilterPipeline": {
    "filter_list": [
      {
        "name": "CutByCoordinatesFilter",
        "kwargs": {
          "x1": 0.21958728967761992,
          "y1": 0.23428135453319548,
          "x2": 0.7696286803617478,
          "y2": 0.7843227452173234
        }
      }
    ],
    "apply_ext_default": true
  }
}