{
  "ImageFilterPipeline": {
    "filter_list": [
      {
        "name": "CutByCoordinatesFilter",
        "kwargs": {
          "x1": 0.22622588488781453,
          "y1": 0.26145380947315694,
          "x2": 0.7514922895697356,
          "y2": 0.786720214155078
        }
      }
    ],
    "apply_ext_default": true
  }
}